// !$*UTF8*$!
{
	archiveVersion = 1;
	classes = {
	};
	objectVersion = 56;
	objects = {

/* Begin PBXBuildFile section */
		D28B05B82985A0530027546B /* Assets.xcassets in Resources */ = {isa = PBXBuildFile; fileRef = D28B05B72985A0530027546B /* Assets.xcassets */; };
		D29A2FF32966238F00B2EBFD /* TideWatch Watch App.app in Embed Watch Content */ = {isa = PBXBuildFile; fileRef = D29A2FF22966238F00B2EBFD /* TideWatch Watch App.app */; settings = {ATTRIBUTES = (RemoveHeadersOnCopy, ); }; };
		D29A2FF82966238F00B2EBFD /* TideWatchApp.swift in Sources */ = {isa = PBXBuildFile; fileRef = D29A2FF72966238F00B2EBFD /* TideWatchApp.swift */; };
		D29A2FFA2966238F00B2EBFD /* ContentView.swift in Sources */ = {isa = PBXBuildFile; fileRef = D29A2FF92966238F00B2EBFD /* ContentView.swift */; };
		D29A2FFC2966239000B2EBFD /* Assets.xcassets in Resources */ = {isa = PBXBuildFile; fileRef = D29A2FFB2966239000B2EBFD /* Assets.xcassets */; };
		D29A2FFF2966239000B2EBFD /* Preview Assets.xcassets in Resources */ = {isa = PBXBuildFile; fileRef = D29A2FFE2966239000B2EBFD /* Preview Assets.xcassets */; };
		D29A300A296623E300B2EBFD /* Tide.swift in Sources */ = {isa = PBXBuildFile; fileRef = D29A3009296623E300B2EBFD /* Tide.swift */; };
		D29A300C2966246A00B2EBFD /* TideType.swift in Sources */ = {isa = PBXBuildFile; fileRef = D29A300B2966246A00B2EBFD /* TideType.swift */; };
		D29A300E296624AA00B2EBFD /* UserDefaults+Extension.swift in Sources */ = {isa = PBXBuildFile; fileRef = D29A300D296624AA00B2EBFD /* UserDefaults+Extension.swift */; };
		D29A301029662A9400B2EBFD /* Stations.json in Resources */ = {isa = PBXBuildFile; fileRef = D29A300F29662A9400B2EBFD /* Stations.json */; };
		D29A301229662CE300B2EBFD /* CoOpsApi.swift in Sources */ = {isa = PBXBuildFile; fileRef = D29A301129662CE300B2EBFD /* CoOpsApi.swift */; };
		D29A301429662D4400B2EBFD /* Calendar+Extension.swift in Sources */ = {isa = PBXBuildFile; fileRef = D29A301329662D4400B2EBFD /* Calendar+Extension.swift */; };
		D29A301629662DCC00B2EBFD /* Formatters.swift in Sources */ = {isa = PBXBuildFile; fileRef = D29A301529662DCC00B2EBFD /* Formatters.swift */; };
		D29A301829662EC200B2EBFD /* TidePrediction.swift in Sources */ = {isa = PBXBuildFile; fileRef = D29A301729662EC200B2EBFD /* TidePrediction.swift */; };
		D29A301A29662EEE00B2EBFD /* TidePredictions.swift in Sources */ = {isa = PBXBuildFile; fileRef = D29A301929662EEE00B2EBFD /* TidePredictions.swift */; };
		D29A301C2966303B00B2EBFD /* MeasurementStation.swift in Sources */ = {isa = PBXBuildFile; fileRef = D29A301B2966303B00B2EBFD /* MeasurementStation.swift */; };
		D29A301F2966317300B2EBFD /* ContentModel.swift in Sources */ = {isa = PBXBuildFile; fileRef = D29A301E2966317300B2EBFD /* ContentModel.swift */; };
		D29A30212966472F00B2EBFD /* TideDataView.swift in Sources */ = {isa = PBXBuildFile; fileRef = D29A30202966472F00B2EBFD /* TideDataView.swift */; };
		D29A3023296648B900B2EBFD /* Color+Extension.swift in Sources */ = {isa = PBXBuildFile; fileRef = D29A3022296648B900B2EBFD /* Color+Extension.swift */; };
		D2FF93BE29678BE9005BBF29 /* Notification.Name+Extension.swift in Sources */ = {isa = PBXBuildFile; fileRef = D2FF93BD29678BE9005BBF29 /* Notification.Name+Extension.swift */; };
		D2FF93C42968D07F005BBF29 /* CurrentTideKeys.swift in Sources */ = {isa = PBXBuildFile; fileRef = D2FF93C32968D07F005BBF29 /* CurrentTideKeys.swift */; };
/* End PBXBuildFile section */

/* Begin PBXContainerItemProxy section */
		D29A2FF42966238F00B2EBFD /* PBXContainerItemProxy */ = {
			isa = PBXContainerItemProxy;
			containerPortal = D29A2FE62966238F00B2EBFD /* Project object */;
			proxyType = 1;
			remoteGlobalIDString = D29A2FF12966238F00B2EBFD;
			remoteInfo = "TideWatch Watch App";
		};
/* End PBXContainerItemProxy section */

/* Begin PBXCopyFilesBuildPhase section */
		D29A30052966239000B2EBFD /* Embed Watch Content */ = {
			isa = PBXCopyFilesBuildPhase;
			buildActionMask = 2147483647;
			dstPath = "$(CONTENTS_FOLDER_PATH)/Watch";
			dstSubfolderSpec = 16;
			files = (
				D29A2FF32966238F00B2EBFD /* TideWatch Watch App.app in Embed Watch Content */,
			);
			name = "Embed Watch Content";
			runOnlyForDeploymentPostprocessing = 0;
		};
/* End PBXCopyFilesBuildPhase section */

/* Begin PBXFileReference section */
		D28B05B72985A0530027546B /* Assets.xcassets */ = {isa = PBXFileReference; lastKnownFileType = folder.assetcatalog; path = Assets.xcassets; sourceTree = "<group>"; };
		D29A2FEC2966238F00B2EBFD /* TideWatch.app */ = {isa = PBXFileReference; explicitFileType = wrapper.application; includeInIndex = 0; path = TideWatch.app; sourceTree = BUILT_PRODUCTS_DIR; };
		D29A2FF22966238F00B2EBFD /* TideWatch Watch App.app */ = {isa = PBXFileReference; explicitFileType = wrapper.application; includeInIndex = 0; path = "TideWatch Watch App.app"; sourceTree = BUILT_PRODUCTS_DIR; };
		D29A2FF72966238F00B2EBFD /* TideWatchApp.swift */ = {isa = PBXFileReference; lastKnownFileType = sourcecode.swift; path = TideWatchApp.swift; sourceTree = "<group>"; };
		D29A2FF92966238F00B2EBFD /* ContentView.swift */ = {isa = PBXFileReference; lastKnownFileType = sourcecode.swift; path = ContentView.swift; sourceTree = "<group>"; };
		D29A2FFB2966239000B2EBFD /* Assets.xcassets */ = {isa = PBXFileReference; lastKnownFileType = folder.assetcatalog; path = Assets.xcassets; sourceTree = "<group>"; };
		D29A2FFE2966239000B2EBFD /* Preview Assets.xcassets */ = {isa = PBXFileReference; lastKnownFileType = folder.assetcatalog; path = "Preview Assets.xcassets"; sourceTree = "<group>"; };
		D29A3009296623E300B2EBFD /* Tide.swift */ = {isa = PBXFileReference; lastKnownFileType = sourcecode.swift; path = Tide.swift; sourceTree = "<group>"; };
		D29A300B2966246A00B2EBFD /* TideType.swift */ = {isa = PBXFileReference; lastKnownFileType = sourcecode.swift; path = TideType.swift; sourceTree = "<group>"; };
		D29A300D296624AA00B2EBFD /* UserDefaults+Extension.swift */ = {isa = PBXFileReference; lastKnownFileType = sourcecode.swift; path = "UserDefaults+Extension.swift"; sourceTree = "<group>"; };
		D29A300F29662A9400B2EBFD /* Stations.json */ = {isa = PBXFileReference; lastKnownFileType = text.json; path = Stations.json; sourceTree = "<group>"; };
		D29A301129662CE300B2EBFD /* CoOpsApi.swift */ = {isa = PBXFileReference; lastKnownFileType = sourcecode.swift; path = CoOpsApi.swift; sourceTree = "<group>"; };
		D29A301329662D4400B2EBFD /* Calendar+Extension.swift */ = {isa = PBXFileReference; lastKnownFileType = sourcecode.swift; path = "Calendar+Extension.swift"; sourceTree = "<group>"; };
		D29A301529662DCC00B2EBFD /* Formatters.swift */ = {isa = PBXFileReference; lastKnownFileType = sourcecode.swift; path = Formatters.swift; sourceTree = "<group>"; };
		D29A301729662EC200B2EBFD /* TidePrediction.swift */ = {isa = PBXFileReference; lastKnownFileType = sourcecode.swift; path = TidePrediction.swift; sourceTree = "<group>"; };
		D29A301929662EEE00B2EBFD /* TidePredictions.swift */ = {isa = PBXFileReference; lastKnownFileType = sourcecode.swift; path = TidePredictions.swift; sourceTree = "<group>"; };
		D29A301B2966303B00B2EBFD /* MeasurementStation.swift */ = {isa = PBXFileReference; lastKnownFileType = sourcecode.swift; path = MeasurementStation.swift; sourceTree = "<group>"; };
		D29A301E2966317300B2EBFD /* ContentModel.swift */ = {isa = PBXFileReference; lastKnownFileType = sourcecode.swift; path = ContentModel.swift; sourceTree = "<group>"; };
		D29A30202966472F00B2EBFD /* TideDataView.swift */ = {isa = PBXFileReference; lastKnownFileType = sourcecode.swift; path = TideDataView.swift; sourceTree = "<group>"; };
		D29A3022296648B900B2EBFD /* Color+Extension.swift */ = {isa = PBXFileReference; lastKnownFileType = sourcecode.swift; path = "Color+Extension.swift"; sourceTree = "<group>"; };
		D2FF93BD29678BE9005BBF29 /* Notification.Name+Extension.swift */ = {isa = PBXFileReference; lastKnownFileType = sourcecode.swift; path = "Notification.Name+Extension.swift"; sourceTree = "<group>"; };
		D2FF93C32968D07F005BBF29 /* CurrentTideKeys.swift */ = {isa = PBXFileReference; lastKnownFileType = sourcecode.swift; path = CurrentTideKeys.swift; sourceTree = "<group>"; };
		D2FF93C62968D1AF005BBF29 /* LICENSE */ = {isa = PBXFileReference; lastKnownFileType = text; path = LICENSE; sourceTree = "<group>"; };
/* End PBXFileReference section */

/* Begin PBXFrameworksBuildPhase section */
		D29A2FEF2966238F00B2EBFD /* Frameworks */ = {
			isa = PBXFrameworksBuildPhase;
			buildActionMask = 2147483647;
			files = (
			);
			runOnlyForDeploymentPostprocessing = 0;
		};
/* End PBXFrameworksBuildPhase section */

/* Begin PBXGroup section */
		D26BB4ED29858E010001B291 /* Shared */ = {
			isa = PBXGroup;
			children = (
				D29A300F29662A9400B2EBFD /* Stations.json */,
				D29A301529662DCC00B2EBFD /* Formatters.swift */,
				D29A301B2966303B00B2EBFD /* MeasurementStation.swift */,
				D29A3009296623E300B2EBFD /* Tide.swift */,
				D29A300B2966246A00B2EBFD /* TideType.swift */,
				D29A300D296624AA00B2EBFD /* UserDefaults+Extension.swift */,
				D28B05B72985A0530027546B /* Assets.xcassets */,
			);
			path = Shared;
			sourceTree = "<group>";
		};
		D29A2FE52966238F00B2EBFD = {
			isa = PBXGroup;
			children = (
				D26BB4ED29858E010001B291 /* Shared */,
				D2FF93C62968D1AF005BBF29 /* LICENSE */,
				D29A2FF62966238F00B2EBFD /* TideWatch Watch App */,
				D29A2FED2966238F00B2EBFD /* Products */,
			);
			indentWidth = 2;
			sourceTree = "<group>";
			tabWidth = 2;
		};
		D29A2FED2966238F00B2EBFD /* Products */ = {
			isa = PBXGroup;
			children = (
				D29A2FEC2966238F00B2EBFD /* TideWatch.app */,
				D29A2FF22966238F00B2EBFD /* TideWatch Watch App.app */,
			);
			name = Products;
			sourceTree = "<group>";
		};
		D29A2FF62966238F00B2EBFD /* TideWatch Watch App */ = {
			isa = PBXGroup;
			children = (
				D2FF93C32968D07F005BBF29 /* CurrentTideKeys.swift */,
				D29A2FF72966238F00B2EBFD /* TideWatchApp.swift */,
				D29A2FFB2966239000B2EBFD /* Assets.xcassets */,
				D29A301D2966316400B2EBFD /* Content View */,
				D2FF93C029678E61005BBF29 /* Download */,
				D2FF93BF29678E51005BBF29 /* Extensions */,
				D29A2FFD2966239000B2EBFD /* Preview Content */,
			);
			indentWidth = 2;
			path = "TideWatch Watch App";
			sourceTree = "<group>";
			tabWidth = 2;
		};
		D29A2FFD2966239000B2EBFD /* Preview Content */ = {
			isa = PBXGroup;
			children = (
				D29A2FFE2966239000B2EBFD /* Preview Assets.xcassets */,
			);
			path = "Preview Content";
			sourceTree = "<group>";
		};
		D29A301D2966316400B2EBFD /* Content View */ = {
			isa = PBXGroup;
			children = (
				D29A2FF92966238F00B2EBFD /* ContentView.swift */,
				D29A301E2966317300B2EBFD /* ContentModel.swift */,
				D29A30202966472F00B2EBFD /* TideDataView.swift */,
			);
			path = "Content View";
			sourceTree = "<group>";
		};
		D2FF93BF29678E51005BBF29 /* Extensions */ = {
			isa = PBXGroup;
			children = (
				D29A3022296648B900B2EBFD /* Color+Extension.swift */,
				D29A301329662D4400B2EBFD /* Calendar+Extension.swift */,
				D2FF93BD29678BE9005BBF29 /* Notification.Name+Extension.swift */,
			);
			path = Extensions;
			sourceTree = "<group>";
		};
		D2FF93C029678E61005BBF29 /* Download */ = {
			isa = PBXGroup;
			children = (
				D29A301129662CE300B2EBFD /* CoOpsApi.swift */,
				D29A301729662EC200B2EBFD /* TidePrediction.swift */,
				D29A301929662EEE00B2EBFD /* TidePredictions.swift */,
			);
			path = Download;
			sourceTree = "<group>";
		};
/* End PBXGroup section */

/* Begin PBXNativeTarget section */
		D29A2FEB2966238F00B2EBFD /* TideWatch */ = {
			isa = PBXNativeTarget;
			buildConfigurationList = D29A30062966239000B2EBFD /* Build configuration list for PBXNativeTarget "TideWatch" */;
			buildPhases = (
				D29A2FEA2966238F00B2EBFD /* Resources */,
				D29A30052966239000B2EBFD /* Embed Watch Content */,
			);
			buildRules = (
			);
			dependencies = (
				D29A2FF52966238F00B2EBFD /* PBXTargetDependency */,
			);
			name = TideWatch;
			productName = TideWatch;
			productReference = D29A2FEC2966238F00B2EBFD /* TideWatch.app */;
			productType = "com.apple.product-type.application.watchapp2-container";
		};
		D29A2FF12966238F00B2EBFD /* TideWatch Watch App */ = {
			isa = PBXNativeTarget;
			buildConfigurationList = D29A30022966239000B2EBFD /* Build configuration list for PBXNativeTarget "TideWatch Watch App" */;
			buildPhases = (
				D29A2FEE2966238F00B2EBFD /* Sources */,
				D29A2FEF2966238F00B2EBFD /* Frameworks */,
				D29A2FF02966238F00B2EBFD /* Resources */,
			);
			buildRules = (
			);
			dependencies = (
			);
			name = "TideWatch Watch App";
			productName = "TideWatch Watch App";
			productReference = D29A2FF22966238F00B2EBFD /* TideWatch Watch App.app */;
			productType = "com.apple.product-type.application";
		};
/* End PBXNativeTarget section */

/* Begin PBXProject section */
		D29A2FE62966238F00B2EBFD /* Project object */ = {
			isa = PBXProject;
			attributes = {
				BuildIndependentTargetsInParallel = 1;
				LastSwiftUpdateCheck = 1420;
				LastUpgradeCheck = 1420;
				ORGANIZATIONNAME = "Kodeco, Inc.";
				TargetAttributes = {
					D29A2FEB2966238F00B2EBFD = {
						CreatedOnToolsVersion = 14.2;
					};
					D29A2FF12966238F00B2EBFD = {
						CreatedOnToolsVersion = 14.2;
					};
				};
			};
			buildConfigurationList = D29A2FE92966238F00B2EBFD /* Build configuration list for PBXProject "TideWatch" */;
			compatibilityVersion = "Xcode 14.0";
			developmentRegion = en;
			hasScannedForEncodings = 0;
			knownRegions = (
				en,
				Base,
			);
			mainGroup = D29A2FE52966238F00B2EBFD;
			productRefGroup = D29A2FED2966238F00B2EBFD /* Products */;
			projectDirPath = "";
			projectRoot = "";
			targets = (
				D29A2FEB2966238F00B2EBFD /* TideWatch */,
				D29A2FF12966238F00B2EBFD /* TideWatch Watch App */,
			);
		};
/* End PBXProject section */

/* Begin PBXResourcesBuildPhase section */
		D29A2FEA2966238F00B2EBFD /* Resources */ = {
			isa = PBXResourcesBuildPhase;
			buildActionMask = 2147483647;
			files = (
			);
			runOnlyForDeploymentPostprocessing = 0;
		};
		D29A2FF02966238F00B2EBFD /* Resources */ = {
			isa = PBXResourcesBuildPhase;
			buildActionMask = 2147483647;
			files = (
				D29A2FFF2966239000B2EBFD /* Preview Assets.xcassets in Resources */,
				D29A301029662A9400B2EBFD /* Stations.json in Resources */,
				D28B05B82985A0530027546B /* Assets.xcassets in Resources */,
				D29A2FFC2966239000B2EBFD /* Assets.xcassets in Resources */,
			);
			runOnlyForDeploymentPostprocessing = 0;
		};
/* End PBXResourcesBuildPhase section */

/* Begin PBXSourcesBuildPhase section */
		D29A2FEE2966238F00B2EBFD /* Sources */ = {
			isa = PBXSourcesBuildPhase;
			buildActionMask = 2147483647;
			files = (
				D29A301429662D4400B2EBFD /* Calendar+Extension.swift in Sources */,
				D29A3023296648B900B2EBFD /* Color+Extension.swift in Sources */,
				D29A301C2966303B00B2EBFD /* MeasurementStation.swift in Sources */,
				D29A30212966472F00B2EBFD /* TideDataView.swift in Sources */,
				D29A300A296623E300B2EBFD /* Tide.swift in Sources */,
				D2FF93C42968D07F005BBF29 /* CurrentTideKeys.swift in Sources */,
				D29A301629662DCC00B2EBFD /* Formatters.swift in Sources */,
				D29A300E296624AA00B2EBFD /* UserDefaults+Extension.swift in Sources */,
				D29A301F2966317300B2EBFD /* ContentModel.swift in Sources */,
				D29A300C2966246A00B2EBFD /* TideType.swift in Sources */,
				D29A2FFA2966238F00B2EBFD /* ContentView.swift in Sources */,
				D29A301A29662EEE00B2EBFD /* TidePredictions.swift in Sources */,
				D29A2FF82966238F00B2EBFD /* TideWatchApp.swift in Sources */,
				D2FF93BE29678BE9005BBF29 /* Notification.Name+Extension.swift in Sources */,
				D29A301229662CE300B2EBFD /* CoOpsApi.swift in Sources */,
				D29A301829662EC200B2EBFD /* TidePrediction.swift in Sources */,
			);
			runOnlyForDeploymentPostprocessing = 0;
		};
/* End PBXSourcesBuildPhase section */

/* Begin PBXTargetDependency section */
		D29A2FF52966238F00B2EBFD /* PBXTargetDependency */ = {
			isa = PBXTargetDependency;
			target = D29A2FF12966238F00B2EBFD /* TideWatch Watch App */;
			targetProxy = D29A2FF42966238F00B2EBFD /* PBXContainerItemProxy */;
		};
/* End PBXTargetDependency section */

/* Begin XCBuildConfiguration section */
		D29A30002966239000B2EBFD /* Debug */ = {
			isa = XCBuildConfiguration;
			buildSettings = {
				ALWAYS_SEARCH_USER_PATHS = NO;
				CLANG_ANALYZER_NONNULL = YES;
				CLANG_ANALYZER_NUMBER_OBJECT_CONVERSION = YES_AGGRESSIVE;
				CLANG_CXX_LANGUAGE_STANDARD = "gnu++20";
				CLANG_ENABLE_MODULES = YES;
				CLANG_ENABLE_OBJC_ARC = YES;
				CLANG_ENABLE_OBJC_WEAK = YES;
				CLANG_WARN_BLOCK_CAPTURE_AUTORELEASING = YES;
				CLANG_WARN_BOOL_CONVERSION = YES;
				CLANG_WARN_COMMA = YES;
				CLANG_WARN_CONSTANT_CONVERSION = YES;
				CLANG_WARN_DEPRECATED_OBJC_IMPLEMENTATIONS = YES;
				CLANG_WARN_DIRECT_OBJC_ISA_USAGE = YES_ERROR;
				CLANG_WARN_DOCUMENTATION_COMMENTS = YES;
				CLANG_WARN_EMPTY_BODY = YES;
				CLANG_WARN_ENUM_CONVERSION = YES;
				CLANG_WARN_INFINITE_RECURSION = YES;
				CLANG_WARN_INT_CONVERSION = YES;
				CLANG_WARN_NON_LITERAL_NULL_CONVERSION = YES;
				CLANG_WARN_OBJC_IMPLICIT_RETAIN_SELF = YES;
				CLANG_WARN_OBJC_LITERAL_CONVERSION = YES;
				CLANG_WARN_OBJC_ROOT_CLASS = YES_ERROR;
				CLANG_WARN_QUOTED_INCLUDE_IN_FRAMEWORK_HEADER = YES;
				CLANG_WARN_RANGE_LOOP_ANALYSIS = YES;
				CLANG_WARN_STRICT_PROTOTYPES = YES;
				CLANG_WARN_SUSPICIOUS_MOVE = YES;
				CLANG_WARN_UNGUARDED_AVAILABILITY = YES_AGGRESSIVE;
				CLANG_WARN_UNREACHABLE_CODE = YES;
				CLANG_WARN__DUPLICATE_METHOD_MATCH = YES;
				COPY_PHASE_STRIP = NO;
				DEBUG_INFORMATION_FORMAT = dwarf;
				ENABLE_STRICT_OBJC_MSGSEND = YES;
				ENABLE_TESTABILITY = YES;
				GCC_C_LANGUAGE_STANDARD = gnu11;
				GCC_DYNAMIC_NO_PIC = NO;
				GCC_NO_COMMON_BLOCKS = YES;
				GCC_OPTIMIZATION_LEVEL = 0;
				GCC_PREPROCESSOR_DEFINITIONS = (
					"DEBUG=1",
					"$(inherited)",
				);
				GCC_WARN_64_TO_32_BIT_CONVERSION = YES;
				GCC_WARN_ABOUT_RETURN_TYPE = YES_ERROR;
				GCC_WARN_UNDECLARED_SELECTOR = YES;
				GCC_WARN_UNINITIALIZED_AUTOS = YES_AGGRESSIVE;
				GCC_WARN_UNUSED_FUNCTION = YES;
				GCC_WARN_UNUSED_VARIABLE = YES;
				MTL_ENABLE_DEBUG_INFO = INCLUDE_SOURCE;
				MTL_FAST_MATH = YES;
				ONLY_ACTIVE_ARCH = YES;
				SWIFT_ACTIVE_COMPILATION_CONDITIONS = DEBUG;
				SWIFT_OPTIMIZATION_LEVEL = "-Onone";
			};
			name = Debug;
		};
		D29A30012966239000B2EBFD /* Release */ = {
			isa = XCBuildConfiguration;
			buildSettings = {
				ALWAYS_SEARCH_USER_PATHS = NO;
				CLANG_ANALYZER_NONNULL = YES;
				CLANG_ANALYZER_NUMBER_OBJECT_CONVERSION = YES_AGGRESSIVE;
				CLANG_CXX_LANGUAGE_STANDARD = "gnu++20";
				CLANG_ENABLE_MODULES = YES;
				CLANG_ENABLE_OBJC_ARC = YES;
				CLANG_ENABLE_OBJC_WEAK = YES;
				CLANG_WARN_BLOCK_CAPTURE_AUTORELEASING = YES;
				CLANG_WARN_BOOL_CONVERSION = YES;
				CLANG_WARN_COMMA = YES;
				CLANG_WARN_CONSTANT_CONVERSION = YES;
				CLANG_WARN_DEPRECATED_OBJC_IMPLEMENTATIONS = YES;
				CLANG_WARN_DIRECT_OBJC_ISA_USAGE = YES_ERROR;
				CLANG_WARN_DOCUMENTATION_COMMENTS = YES;
				CLANG_WARN_EMPTY_BODY = YES;
				CLANG_WARN_ENUM_CONVERSION = YES;
				CLANG_WARN_INFINITE_RECURSION = YES;
				CLANG_WARN_INT_CONVERSION = YES;
				CLANG_WARN_NON_LITERAL_NULL_CONVERSION = YES;
				CLANG_WARN_OBJC_IMPLICIT_RETAIN_SELF = YES;
				CLANG_WARN_OBJC_LITERAL_CONVERSION = YES;
				CLANG_WARN_OBJC_ROOT_CLASS = YES_ERROR;
				CLANG_WARN_QUOTED_INCLUDE_IN_FRAMEWORK_HEADER = YES;
				CLANG_WARN_RANGE_LOOP_ANALYSIS = YES;
				CLANG_WARN_STRICT_PROTOTYPES = YES;
				CLANG_WARN_SUSPICIOUS_MOVE = YES;
				CLANG_WARN_UNGUARDED_AVAILABILITY = YES_AGGRESSIVE;
				CLANG_WARN_UNREACHABLE_CODE = YES;
				CLANG_WARN__DUPLICATE_METHOD_MATCH = YES;
				COPY_PHASE_STRIP = NO;
				DEBUG_INFORMATION_FORMAT = "dwarf-with-dsym";
				ENABLE_NS_ASSERTIONS = NO;
				ENABLE_STRICT_OBJC_MSGSEND = YES;
				GCC_C_LANGUAGE_STANDARD = gnu11;
				GCC_NO_COMMON_BLOCKS = YES;
				GCC_WARN_64_TO_32_BIT_CONVERSION = YES;
				GCC_WARN_ABOUT_RETURN_TYPE = YES_ERROR;
				GCC_WARN_UNDECLARED_SELECTOR = YES;
				GCC_WARN_UNINITIALIZED_AUTOS = YES_AGGRESSIVE;
				GCC_WARN_UNUSED_FUNCTION = YES;
				GCC_WARN_UNUSED_VARIABLE = YES;
				MTL_ENABLE_DEBUG_INFO = NO;
				MTL_FAST_MATH = YES;
				SWIFT_COMPILATION_MODE = wholemodule;
				SWIFT_OPTIMIZATION_LEVEL = "-O";
			};
			name = Release;
		};
		D29A30032966239000B2EBFD /* Debug */ = {
			isa = XCBuildConfiguration;
			buildSettings = {
				ASSETCATALOG_COMPILER_APPICON_NAME = AppIcon;
				ASSETCATALOG_COMPILER_GLOBAL_ACCENT_COLOR_NAME = AccentColor;
				CODE_SIGN_STYLE = Automatic;
				CURRENT_PROJECT_VERSION = 1;
				DEVELOPMENT_ASSET_PATHS = "\"TideWatch Watch App/Preview Content\"";
				DEVELOPMENT_TEAM = BQUPLV7KWS;
				ENABLE_PREVIEWS = YES;
				GENERATE_INFOPLIST_FILE = YES;
				INFOPLIST_KEY_CFBundleDisplayName = TideWatch;
				INFOPLIST_KEY_UISupportedInterfaceOrientations = "UIInterfaceOrientationPortrait UIInterfaceOrientationPortraitUpsideDown";
				INFOPLIST_KEY_WKWatchOnly = YES;
				LD_RUNPATH_SEARCH_PATHS = (
					"$(inherited)",
					"@executable_path/Frameworks",
				);
				MARKETING_VERSION = 1.0;
				PRODUCT_BUNDLE_IDENTIFIER = com.yourcompany.TideWatch.watchkitapp;
				PRODUCT_NAME = "$(TARGET_NAME)";
				SDKROOT = watchos;
				SKIP_INSTALL = YES;
				SWIFT_EMIT_LOC_STRINGS = YES;
				SWIFT_VERSION = 5.0;
				TARGETED_DEVICE_FAMILY = 4;
				WATCHOS_DEPLOYMENT_TARGET = 9.1;
			};
			name = Debug;
		};
		D29A30042966239000B2EBFD /* Release */ = {
			isa = XCBuildConfiguration;
			buildSettings = {
				ASSETCATALOG_COMPILER_APPICON_NAME = AppIcon;
				ASSETCATALOG_COMPILER_GLOBAL_ACCENT_COLOR_NAME = AccentColor;
				CODE_SIGN_STYLE = Automatic;
				CURRENT_PROJECT_VERSION = 1;
				DEVELOPMENT_ASSET_PATHS = "\"TideWatch Watch App/Preview Content\"";
				DEVELOPMENT_TEAM = BQUPLV7KWS;
				ENABLE_PREVIEWS = YES;
				GENERATE_INFOPLIST_FILE = YES;
				INFOPLIST_KEY_CFBundleDisplayName = TideWatch;
				INFOPLIST_KEY_UISupportedInterfaceOrientations = "UIInterfaceOrientationPortrait UIInterfaceOrientationPortraitUpsideDown";
				INFOPLIST_KEY_WKWatchOnly = YES;
				LD_RUNPATH_SEARCH_PATHS = (
					"$(inherited)",
					"@executable_path/Frameworks",
				);
				MARKETING_VERSION = 1.0;
				PRODUCT_BUNDLE_IDENTIFIER = com.yourcompany.TideWatch.watchkitapp;
				PRODUCT_NAME = "$(TARGET_NAME)";
				SDKROOT = watchos;
				SKIP_INSTALL = YES;
				SWIFT_EMIT_LOC_STRINGS = YES;
				SWIFT_VERSION = 5.0;
				TARGETED_DEVICE_FAMILY = 4;
				VALIDATE_PRODUCT = YES;
				WATCHOS_DEPLOYMENT_TARGET = 9.1;
			};
			name = Release;
		};
		D29A30072966239000B2EBFD /* Debug */ = {
			isa = XCBuildConfiguration;
			buildSettings = {
				ALWAYS_EMBED_SWIFT_STANDARD_LIBRARIES = YES;
				CODE_SIGN_STYLE = Automatic;
				CURRENT_PROJECT_VERSION = 1;
				DEVELOPMENT_TEAM = BQUPLV7KWS;
				INFOPLIST_KEY_CFBundleDisplayName = TideWatch;
				IPHONEOS_DEPLOYMENT_TARGET = 16.2;
				MARKETING_VERSION = 1.0;
				PRODUCT_BUNDLE_IDENTIFIER = com.yourcompany.TideWatch;
				PRODUCT_NAME = "$(TARGET_NAME)";
				SDKROOT = iphoneos;
				SWIFT_VERSION = 5.0;
			};
			name = Debug;
		};
		D29A30082966239000B2EBFD /* Release */ = {
			isa = XCBuildConfiguration;
			buildSettings = {
				ALWAYS_EMBED_SWIFT_STANDARD_LIBRARIES = YES;
				CODE_SIGN_STYLE = Automatic;
				CURRENT_PROJECT_VERSION = 1;
				DEVELOPMENT_TEAM = BQUPLV7KWS;
				INFOPLIST_KEY_CFBundleDisplayName = TideWatch;
				IPHONEOS_DEPLOYMENT_TARGET = 16.2;
				MARKETING_VERSION = 1.0;
				PRODUCT_BUNDLE_IDENTIFIER = com.yourcompany.TideWatch;
				PRODUCT_NAME = "$(TARGET_NAME)";
				SDKROOT = iphoneos;
				SWIFT_VERSION = 5.0;
				VALIDATE_PRODUCT = YES;
			};
			name = Release;
		};
/* End XCBuildConfiguration section */

/* Begin XCConfigurationList section */
		D29A2FE92966238F00B2EBFD /* Build configuration list for PBXProject "TideWatch" */ = {
			isa = XCConfigurationList;
			buildConfigurations = (
				D29A30002966239000B2EBFD /* Debug */,
				D29A30012966239000B2EBFD /* Release */,
			);
			defaultConfigurationIsVisible = 0;
			defaultConfigurationName = Release;
		};
		D29A30022966239000B2EBFD /* Build configuration list for PBXNativeTarget "TideWatch Watch App" */ = {
			isa = XCConfigurationList;
			buildConfigurations = (
				D29A30032966239000B2EBFD /* Debug */,
				D29A30042966239000B2EBFD /* Release */,
			);
			defaultConfigurationIsVisible = 0;
			defaultConfigurationName = Release;
		};
		D29A30062966239000B2EBFD /* Build configuration list for PBXNativeTarget "TideWatch" */ = {
			isa = XCConfigurationList;
			buildConfigurations = (
				D29A30072966239000B2EBFD /* Debug */,
				D29A30082966239000B2EBFD /* Release */,
			);
			defaultConfigurationIsVisible = 0;
			defaultConfigurationName = Release;
		};
/* End XCConfigurationList section */
	};
	rootObject = D29A2FE62966238F00B2EBFD /* Project object */;
}
