// !$*UTF8*$!
{
	archiveVersion = 1;
	classes = {
	};
	objectVersion = 56;
	objects = {

/* Begin PBXBuildFile section */
		D253BF782931885F00027A71 /* Pawsome Watch App.app in Embed Watch Content */ = {isa = PBXBuildFile; fileRef = D253BF772931885F00027A71 /* Pawsome Watch App.app */; settings = {ATTRIBUTES = (RemoveHeadersOnCopy, ); }; };
		D253BF7D2931885F00027A71 /* PawsomeApp.swift in Sources */ = {isa = PBXBuildFile; fileRef = D253BF7C2931885F00027A71 /* PawsomeApp.swift */; };
		D253BF7F2931885F00027A71 /* ContentView.swift in Sources */ = {isa = PBXBuildFile; fileRef = D253BF7E2931885F00027A71 /* ContentView.swift */; };
		D253BF812931886000027A71 /* Assets.xcassets in Resources */ = {isa = PBXBuildFile; fileRef = D253BF802931886000027A71 /* Assets.xcassets */; };
		D253BF842931886000027A71 /* Preview Assets.xcassets in Resources */ = {isa = PBXBuildFile; fileRef = D253BF832931886000027A71 /* Preview Assets.xcassets */; };
		D253BF8F2931899100027A71 /* LocalNotifications.swift in Sources */ = {isa = PBXBuildFile; fileRef = D253BF8E2931899100027A71 /* LocalNotifications.swift */; };
		D253BF9F29318FC500027A71 /* RemoteNotificationModel.swift in Sources */ = {isa = PBXBuildFile; fileRef = D253BF9B29318FC500027A71 /* RemoteNotificationModel.swift */; };
		D253BFA029318FC500027A71 /* RemoteNotificationView.swift in Sources */ = {isa = PBXBuildFile; fileRef = D253BF9C29318FC500027A71 /* RemoteNotificationView.swift */; };
		D253BFA129318FC500027A71 /* RemoteNotificationController.swift in Sources */ = {isa = PBXBuildFile; fileRef = D253BF9D29318FC500027A71 /* RemoteNotificationController.swift */; };
		D253BFA229318FC500027A71 /* RemotePush.apns in Resources */ = {isa = PBXBuildFile; fileRef = D253BF9E29318FC500027A71 /* RemotePush.apns */; };
		D253BFA929319CCA00027A71 /* NotificationController.swift in Sources */ = {isa = PBXBuildFile; fileRef = D253BFA829319CCA00027A71 /* NotificationController.swift */; };
		D253BFAB29319CD900027A71 /* NotificationView.swift in Sources */ = {isa = PBXBuildFile; fileRef = D253BFAA29319CD900027A71 /* NotificationView.swift */; };
		D253BFAE2931B70800027A71 /* ExtensionDelegate.swift in Sources */ = {isa = PBXBuildFile; fileRef = D253BFAD2931B70800027A71 /* ExtensionDelegate.swift */; };
/* End PBXBuildFile section */

/* Begin PBXContainerItemProxy section */
		D253BF792931885F00027A71 /* PBXContainerItemProxy */ = {
			isa = PBXContainerItemProxy;
			containerPortal = D253BF6B2931885F00027A71 /* Project object */;
			proxyType = 1;
			remoteGlobalIDString = D253BF762931885F00027A71;
			remoteInfo = "Pawsome Watch App";
		};
/* End PBXContainerItemProxy section */

/* Begin PBXCopyFilesBuildPhase section */
		D253BF8A2931886000027A71 /* Embed Watch Content */ = {
			isa = PBXCopyFilesBuildPhase;
			buildActionMask = 2147483647;
			dstPath = "$(CONTENTS_FOLDER_PATH)/Watch";
			dstSubfolderSpec = 16;
			files = (
				D253BF782931885F00027A71 /* Pawsome Watch App.app in Embed Watch Content */,
			);
			name = "Embed Watch Content";
			runOnlyForDeploymentPostprocessing = 0;
		};
/* End PBXCopyFilesBuildPhase section */

/* Begin PBXFileReference section */
		D253BF712931885F00027A71 /* Pawsome.app */ = {isa = PBXFileReference; explicitFileType = wrapper.application; includeInIndex = 0; path = Pawsome.app; sourceTree = BUILT_PRODUCTS_DIR; };
		D253BF772931885F00027A71 /* Pawsome Watch App.app */ = {isa = PBXFileReference; explicitFileType = wrapper.application; includeInIndex = 0; path = "Pawsome Watch App.app"; sourceTree = BUILT_PRODUCTS_DIR; };
		D253BF7C2931885F00027A71 /* PawsomeApp.swift */ = {isa = PBXFileReference; lastKnownFileType = sourcecode.swift; path = PawsomeApp.swift; sourceTree = "<group>"; };
		D253BF7E2931885F00027A71 /* ContentView.swift */ = {isa = PBXFileReference; lastKnownFileType = sourcecode.swift; path = ContentView.swift; sourceTree = "<group>"; };
		D253BF802931886000027A71 /* Assets.xcassets */ = {isa = PBXFileReference; lastKnownFileType = folder.assetcatalog; path = Assets.xcassets; sourceTree = "<group>"; };
		D253BF832931886000027A71 /* Preview Assets.xcassets */ = {isa = PBXFileReference; lastKnownFileType = folder.assetcatalog; path = "Preview Assets.xcassets"; sourceTree = "<group>"; };
		D253BF8E2931899100027A71 /* LocalNotifications.swift */ = {isa = PBXFileReference; lastKnownFileType = sourcecode.swift; path = LocalNotifications.swift; sourceTree = "<group>"; };
		D253BF9B29318FC500027A71 /* RemoteNotificationModel.swift */ = {isa = PBXFileReference; fileEncoding = 4; lastKnownFileType = sourcecode.swift; path = RemoteNotificationModel.swift; sourceTree = "<group>"; };
		D253BF9C29318FC500027A71 /* RemoteNotificationView.swift */ = {isa = PBXFileReference; fileEncoding = 4; lastKnownFileType = sourcecode.swift; path = RemoteNotificationView.swift; sourceTree = "<group>"; };
		D253BF9D29318FC500027A71 /* RemoteNotificationController.swift */ = {isa = PBXFileReference; fileEncoding = 4; lastKnownFileType = sourcecode.swift; path = RemoteNotificationController.swift; sourceTree = "<group>"; };
		D253BF9E29318FC500027A71 /* RemotePush.apns */ = {isa = PBXFileReference; fileEncoding = 4; lastKnownFileType = text; path = RemotePush.apns; sourceTree = "<group>"; };
		D253BFA829319CCA00027A71 /* NotificationController.swift */ = {isa = PBXFileReference; lastKnownFileType = sourcecode.swift; path = NotificationController.swift; sourceTree = "<group>"; };
		D253BFAA29319CD900027A71 /* NotificationView.swift */ = {isa = PBXFileReference; lastKnownFileType = sourcecode.swift; path = NotificationView.swift; sourceTree = "<group>"; };
		D253BFAC2931A27900027A71 /* PushNotificationPayload.apns */ = {isa = PBXFileReference; lastKnownFileType = text; path = PushNotificationPayload.apns; sourceTree = "<group>"; };
		D253BFAD2931B70800027A71 /* ExtensionDelegate.swift */ = {isa = PBXFileReference; lastKnownFileType = sourcecode.swift; path = ExtensionDelegate.swift; sourceTree = "<group>"; };
		D253BFAF2931B84300027A71 /* Pawsome Watch App.entitlements */ = {isa = PBXFileReference; lastKnownFileType = text.plist.entitlements; path = "Pawsome Watch App.entitlements"; sourceTree = "<group>"; };
		D2BF8625293D5D33006B07B1 /* LICENSE */ = {isa = PBXFileReference; lastKnownFileType = text; path = LICENSE; sourceTree = "<group>"; };
/* End PBXFileReference section */

/* Begin PBXFrameworksBuildPhase section */
		D253BF742931885F00027A71 /* Frameworks */ = {
			isa = PBXFrameworksBuildPhase;
			buildActionMask = 2147483647;
			files = (
			);
			runOnlyForDeploymentPostprocessing = 0;
		};
/* End PBXFrameworksBuildPhase section */

/* Begin PBXGroup section */
		D253BF6A2931885F00027A71 = {
			isa = PBXGroup;
			children = (
				D2BF8625293D5D33006B07B1 /* LICENSE */,
				D253BF7B2931885F00027A71 /* Pawsome Watch App */,
				D253BF722931885F00027A71 /* Products */,
			);
			indentWidth = 2;
			sourceTree = "<group>";
			tabWidth = 2;
		};
		D253BF722931885F00027A71 /* Products */ = {
			isa = PBXGroup;
			children = (
				D253BF712931885F00027A71 /* Pawsome.app */,
				D253BF772931885F00027A71 /* Pawsome Watch App.app */,
			);
			name = Products;
			sourceTree = "<group>";
		};
		D253BF7B2931885F00027A71 /* Pawsome Watch App */ = {
			isa = PBXGroup;
			children = (
				D253BFAC2931A27900027A71 /* PushNotificationPayload.apns */,
				D253BFAF2931B84300027A71 /* Pawsome Watch App.entitlements */,
				D253BF7E2931885F00027A71 /* ContentView.swift */,
				D253BFAD2931B70800027A71 /* ExtensionDelegate.swift */,
				D253BF8E2931899100027A71 /* LocalNotifications.swift */,
				D253BFA829319CCA00027A71 /* NotificationController.swift */,
				D253BFAA29319CD900027A71 /* NotificationView.swift */,
				D253BF7C2931885F00027A71 /* PawsomeApp.swift */,
				D253BF802931886000027A71 /* Assets.xcassets */,
				D253BF822931886000027A71 /* Preview Content */,
				D253BF9A29318F8900027A71 /* Remote Notifications */,
			);
			path = "Pawsome Watch App";
			sourceTree = "<group>";
		};
		D253BF822931886000027A71 /* Preview Content */ = {
			isa = PBXGroup;
			children = (
				D253BF832931886000027A71 /* Preview Assets.xcassets */,
			);
			path = "Preview Content";
			sourceTree = "<group>";
		};
		D253BF9A29318F8900027A71 /* Remote Notifications */ = {
			isa = PBXGroup;
			children = (
				D253BF9D29318FC500027A71 /* RemoteNotificationController.swift */,
				D253BF9B29318FC500027A71 /* RemoteNotificationModel.swift */,
				D253BF9C29318FC500027A71 /* RemoteNotificationView.swift */,
				D253BF9E29318FC500027A71 /* RemotePush.apns */,
			);
			path = "Remote Notifications";
			sourceTree = "<group>";
		};
/* End PBXGroup section */

/* Begin PBXNativeTarget section */
		D253BF702931885F00027A71 /* Pawsome */ = {
			isa = PBXNativeTarget;
			buildConfigurationList = D253BF8B2931886000027A71 /* Build configuration list for PBXNativeTarget "Pawsome" */;
			buildPhases = (
				D253BF6F2931885F00027A71 /* Resources */,
				D253BF8A2931886000027A71 /* Embed Watch Content */,
			);
			buildRules = (
			);
			dependencies = (
				D253BF7A2931885F00027A71 /* PBXTargetDependency */,
			);
			name = Pawsome;
			productName = Pawsome;
			productReference = D253BF712931885F00027A71 /* Pawsome.app */;
			productType = "com.apple.product-type.application.watchapp2-container";
		};
		D253BF762931885F00027A71 /* Pawsome Watch App */ = {
			isa = PBXNativeTarget;
			buildConfigurationList = D253BF872931886000027A71 /* Build configuration list for PBXNativeTarget "Pawsome Watch App" */;
			buildPhases = (
				D253BF732931885F00027A71 /* Sources */,
				D253BF742931885F00027A71 /* Frameworks */,
				D253BF752931885F00027A71 /* Resources */,
			);
			buildRules = (
			);
			dependencies = (
			);
			name = "Pawsome Watch App";
			productName = "Pawsome Watch App";
			productReference = D253BF772931885F00027A71 /* Pawsome Watch App.app */;
			productType = "com.apple.product-type.application";
		};
/* End PBXNativeTarget section */

/* Begin PBXProject section */
		D253BF6B2931885F00027A71 /* Project object */ = {
			isa = PBXProject;
			attributes = {
				BuildIndependentTargetsInParallel = 1;
				LastSwiftUpdateCheck = 1410;
				LastUpgradeCheck = 1410;
				TargetAttributes = {
					D253BF702931885F00027A71 = {
						CreatedOnToolsVersion = 14.1;
					};
					D253BF762931885F00027A71 = {
						CreatedOnToolsVersion = 14.1;
					};
				};
			};
			buildConfigurationList = D253BF6E2931885F00027A71 /* Build configuration list for PBXProject "Pawsome" */;
			compatibilityVersion = "Xcode 14.0";
			developmentRegion = en;
			hasScannedForEncodings = 0;
			knownRegions = (
				en,
				Base,
			);
			mainGroup = D253BF6A2931885F00027A71;
			productRefGroup = D253BF722931885F00027A71 /* Products */;
			projectDirPath = "";
			projectRoot = "";
			targets = (
				D253BF702931885F00027A71 /* Pawsome */,
				D253BF762931885F00027A71 /* Pawsome Watch App */,
			);
		};
/* End PBXProject section */

/* Begin PBXResourcesBuildPhase section */
		D253BF6F2931885F00027A71 /* Resources */ = {
			isa = PBXResourcesBuildPhase;
			buildActionMask = 2147483647;
			files = (
			);
			runOnlyForDeploymentPostprocessing = 0;
		};
		D253BF752931885F00027A71 /* Resources */ = {
			isa = PBXResourcesBuildPhase;
			buildActionMask = 2147483647;
			files = (
				D253BF842931886000027A71 /* Preview Assets.xcassets in Resources */,
				D253BFA229318FC500027A71 /* RemotePush.apns in Resources */,
				D253BF812931886000027A71 /* Assets.xcassets in Resources */,
			);
			runOnlyForDeploymentPostprocessing = 0;
		};
/* End PBXResourcesBuildPhase section */

/* Begin PBXSourcesBuildPhase section */
		D253BF732931885F00027A71 /* Sources */ = {
			isa = PBXSourcesBuildPhase;
			buildActionMask = 2147483647;
			files = (
				D253BF9F29318FC500027A71 /* RemoteNotificationModel.swift in Sources */,
				D253BFA029318FC500027A71 /* RemoteNotificationView.swift in Sources */,
				D253BFAE2931B70800027A71 /* ExtensionDelegate.swift in Sources */,
				D253BF8F2931899100027A71 /* LocalNotifications.swift in Sources */,
				D253BFAB29319CD900027A71 /* NotificationView.swift in Sources */,
				D253BFA929319CCA00027A71 /* NotificationController.swift in Sources */,
				D253BF7F2931885F00027A71 /* ContentView.swift in Sources */,
				D253BFA129318FC500027A71 /* RemoteNotificationController.swift in Sources */,
				D253BF7D2931885F00027A71 /* PawsomeApp.swift in Sources */,
			);
			runOnlyForDeploymentPostprocessing = 0;
		};
/* End PBXSourcesBuildPhase section */

/* Begin PBXTargetDependency section */
		D253BF7A2931885F00027A71 /* PBXTargetDependency */ = {
			isa = PBXTargetDependency;
			target = D253BF762931885F00027A71 /* Pawsome Watch App */;
			targetProxy = D253BF792931885F00027A71 /* PBXContainerItemProxy */;
		};
/* End PBXTargetDependency section */

/* Begin XCBuildConfiguration section */
		D253BF852931886000027A71 /* Debug */ = {
			isa = XCBuildConfiguration;
			buildSettings = {
				ALWAYS_SEARCH_USER_PATHS = NO;
				CLANG_ANALYZER_NONNULL = YES;
				CLANG_ANALYZER_NUMBER_OBJECT_CONVERSION = YES_AGGRESSIVE;
				CLANG_CXX_LANGUAGE_STANDARD = "gnu++20";
				CLANG_ENABLE_MODULES = YES;
				CLANG_ENABLE_OBJC_ARC = YES;
				CLANG_ENABLE_OBJC_WEAK = YES;
				CLANG_WARN_BLOCK_CAPTURE_AUTORELEASING = YES;
				CLANG_WARN_BOOL_CONVERSION = YES;
				CLANG_WARN_COMMA = YES;
				CLANG_WARN_CONSTANT_CONVERSION = YES;
				CLANG_WARN_DEPRECATED_OBJC_IMPLEMENTATIONS = YES;
				CLANG_WARN_DIRECT_OBJC_ISA_USAGE = YES_ERROR;
				CLANG_WARN_DOCUMENTATION_COMMENTS = YES;
				CLANG_WARN_EMPTY_BODY = YES;
				CLANG_WARN_ENUM_CONVERSION = YES;
				CLANG_WARN_INFINITE_RECURSION = YES;
				CLANG_WARN_INT_CONVERSION = YES;
				CLANG_WARN_NON_LITERAL_NULL_CONVERSION = YES;
				CLANG_WARN_OBJC_IMPLICIT_RETAIN_SELF = YES;
				CLANG_WARN_OBJC_LITERAL_CONVERSION = YES;
				CLANG_WARN_OBJC_ROOT_CLASS = YES_ERROR;
				CLANG_WARN_QUOTED_INCLUDE_IN_FRAMEWORK_HEADER = YES;
				CLANG_WARN_RANGE_LOOP_ANALYSIS = YES;
				CLANG_WARN_STRICT_PROTOTYPES = YES;
				CLANG_WARN_SUSPICIOUS_MOVE = YES;
				CLANG_WARN_UNGUARDED_AVAILABILITY = YES_AGGRESSIVE;
				CLANG_WARN_UNREACHABLE_CODE = YES;
				CLANG_WARN__DUPLICATE_METHOD_MATCH = YES;
				COPY_PHASE_STRIP = NO;
				DEBUG_INFORMATION_FORMAT = dwarf;
				ENABLE_STRICT_OBJC_MSGSEND = YES;
				ENABLE_TESTABILITY = YES;
				GCC_C_LANGUAGE_STANDARD = gnu11;
				GCC_DYNAMIC_NO_PIC = NO;
				GCC_NO_COMMON_BLOCKS = YES;
				GCC_OPTIMIZATION_LEVEL = 0;
				GCC_PREPROCESSOR_DEFINITIONS = (
					"DEBUG=1",
					"$(inherited)",
				);
				GCC_WARN_64_TO_32_BIT_CONVERSION = YES;
				GCC_WARN_ABOUT_RETURN_TYPE = YES_ERROR;
				GCC_WARN_UNDECLARED_SELECTOR = YES;
				GCC_WARN_UNINITIALIZED_AUTOS = YES_AGGRESSIVE;
				GCC_WARN_UNUSED_FUNCTION = YES;
				GCC_WARN_UNUSED_VARIABLE = YES;
				MTL_ENABLE_DEBUG_INFO = INCLUDE_SOURCE;
				MTL_FAST_MATH = YES;
				ONLY_ACTIVE_ARCH = YES;
				SWIFT_ACTIVE_COMPILATION_CONDITIONS = DEBUG;
				SWIFT_OPTIMIZATION_LEVEL = "-Onone";
			};
			name = Debug;
		};
		D253BF862931886000027A71 /* Release */ = {
			isa = XCBuildConfiguration;
			buildSettings = {
				ALWAYS_SEARCH_USER_PATHS = NO;
				CLANG_ANALYZER_NONNULL = YES;
				CLANG_ANALYZER_NUMBER_OBJECT_CONVERSION = YES_AGGRESSIVE;
				CLANG_CXX_LANGUAGE_STANDARD = "gnu++20";
				CLANG_ENABLE_MODULES = YES;
				CLANG_ENABLE_OBJC_ARC = YES;
				CLANG_ENABLE_OBJC_WEAK = YES;
				CLANG_WARN_BLOCK_CAPTURE_AUTORELEASING = YES;
				CLANG_WARN_BOOL_CONVERSION = YES;
				CLANG_WARN_COMMA = YES;
				CLANG_WARN_CONSTANT_CONVERSION = YES;
				CLANG_WARN_DEPRECATED_OBJC_IMPLEMENTATIONS = YES;
				CLANG_WARN_DIRECT_OBJC_ISA_USAGE = YES_ERROR;
				CLANG_WARN_DOCUMENTATION_COMMENTS = YES;
				CLANG_WARN_EMPTY_BODY = YES;
				CLANG_WARN_ENUM_CONVERSION = YES;
				CLANG_WARN_INFINITE_RECURSION = YES;
				CLANG_WARN_INT_CONVERSION = YES;
				CLANG_WARN_NON_LITERAL_NULL_CONVERSION = YES;
				CLANG_WARN_OBJC_IMPLICIT_RETAIN_SELF = YES;
				CLANG_WARN_OBJC_LITERAL_CONVERSION = YES;
				CLANG_WARN_OBJC_ROOT_CLASS = YES_ERROR;
				CLANG_WARN_QUOTED_INCLUDE_IN_FRAMEWORK_HEADER = YES;
				CLANG_WARN_RANGE_LOOP_ANALYSIS = YES;
				CLANG_WARN_STRICT_PROTOTYPES = YES;
				CLANG_WARN_SUSPICIOUS_MOVE = YES;
				CLANG_WARN_UNGUARDED_AVAILABILITY = YES_AGGRESSIVE;
				CLANG_WARN_UNREACHABLE_CODE = YES;
				CLANG_WARN__DUPLICATE_METHOD_MATCH = YES;
				COPY_PHASE_STRIP = NO;
				DEBUG_INFORMATION_FORMAT = "dwarf-with-dsym";
				ENABLE_NS_ASSERTIONS = NO;
				ENABLE_STRICT_OBJC_MSGSEND = YES;
				GCC_C_LANGUAGE_STANDARD = gnu11;
				GCC_NO_COMMON_BLOCKS = YES;
				GCC_WARN_64_TO_32_BIT_CONVERSION = YES;
				GCC_WARN_ABOUT_RETURN_TYPE = YES_ERROR;
				GCC_WARN_UNDECLARED_SELECTOR = YES;
				GCC_WARN_UNINITIALIZED_AUTOS = YES_AGGRESSIVE;
				GCC_WARN_UNUSED_FUNCTION = YES;
				GCC_WARN_UNUSED_VARIABLE = YES;
				MTL_ENABLE_DEBUG_INFO = NO;
				MTL_FAST_MATH = YES;
				SWIFT_COMPILATION_MODE = wholemodule;
				SWIFT_OPTIMIZATION_LEVEL = "-O";
			};
			name = Release;
		};
		D253BF882931886000027A71 /* Debug */ = {
			isa = XCBuildConfiguration;
			buildSettings = {
				ASSETCATALOG_COMPILER_APPICON_NAME = AppIcon;
				ASSETCATALOG_COMPILER_GLOBAL_ACCENT_COLOR_NAME = AccentColor;
				CODE_SIGN_ENTITLEMENTS = "Pawsome Watch App/Pawsome Watch App.entitlements";
				CODE_SIGN_STYLE = Automatic;
				CURRENT_PROJECT_VERSION = 1;
				DEVELOPMENT_ASSET_PATHS = "\"Pawsome Watch App/Preview Content\"";
				DEVELOPMENT_TEAM = BQUPLV7KWS;
				ENABLE_PREVIEWS = YES;
				GENERATE_INFOPLIST_FILE = YES;
				INFOPLIST_KEY_CFBundleDisplayName = Pawsome;
				INFOPLIST_KEY_UISupportedInterfaceOrientations = "UIInterfaceOrientationPortrait UIInterfaceOrientationPortraitUpsideDown";
				INFOPLIST_KEY_WKWatchOnly = YES;
				LD_RUNPATH_SEARCH_PATHS = (
					"$(inherited)",
					"@executable_path/Frameworks",
				);
				MARKETING_VERSION = 1.0;
				PRODUCT_BUNDLE_IDENTIFIER = com.yourcompany.Pawsome.watchkitapp;
				PRODUCT_NAME = "$(TARGET_NAME)";
				SDKROOT = watchos;
				SKIP_INSTALL = YES;
				SWIFT_EMIT_LOC_STRINGS = YES;
				SWIFT_VERSION = 5.0;
				TARGETED_DEVICE_FAMILY = 4;
				WATCHOS_DEPLOYMENT_TARGET = 9.1;
			};
			name = Debug;
		};
		D253BF892931886000027A71 /* Release */ = {
			isa = XCBuildConfiguration;
			buildSettings = {
				ASSETCATALOG_COMPILER_APPICON_NAME = AppIcon;
				ASSETCATALOG_COMPILER_GLOBAL_ACCENT_COLOR_NAME = AccentColor;
				CODE_SIGN_ENTITLEMENTS = "Pawsome Watch App/Pawsome Watch App.entitlements";
				CODE_SIGN_STYLE = Automatic;
				CURRENT_PROJECT_VERSION = 1;
				DEVELOPMENT_ASSET_PATHS = "\"Pawsome Watch App/Preview Content\"";
				DEVELOPMENT_TEAM = BQUPLV7KWS;
				ENABLE_PREVIEWS = YES;
				GENERATE_INFOPLIST_FILE = YES;
				INFOPLIST_KEY_CFBundleDisplayName = Pawsome;
				INFOPLIST_KEY_UISupportedInterfaceOrientations = "UIInterfaceOrientationPortrait UIInterfaceOrientationPortraitUpsideDown";
				INFOPLIST_KEY_WKWatchOnly = YES;
				LD_RUNPATH_SEARCH_PATHS = (
					"$(inherited)",
					"@executable_path/Frameworks",
				);
				MARKETING_VERSION = 1.0;
				PRODUCT_BUNDLE_IDENTIFIER = com.yourcompany.Pawsome.watchkitapp;
				PRODUCT_NAME = "$(TARGET_NAME)";
				SDKROOT = watchos;
				SKIP_INSTALL = YES;
				SWIFT_EMIT_LOC_STRINGS = YES;
				SWIFT_VERSION = 5.0;
				TARGETED_DEVICE_FAMILY = 4;
				VALIDATE_PRODUCT = YES;
				WATCHOS_DEPLOYMENT_TARGET = 9.1;
			};
			name = Release;
		};
		D253BF8C2931886000027A71 /* Debug */ = {
			isa = XCBuildConfiguration;
			buildSettings = {
				ALWAYS_EMBED_SWIFT_STANDARD_LIBRARIES = YES;
				CODE_SIGN_STYLE = Automatic;
				CURRENT_PROJECT_VERSION = 1;
				DEVELOPMENT_TEAM = BQUPLV7KWS;
				INFOPLIST_KEY_CFBundleDisplayName = Pawsome;
				IPHONEOS_DEPLOYMENT_TARGET = 16.1;
				MARKETING_VERSION = 1.0;
				PRODUCT_BUNDLE_IDENTIFIER = com.yourcompany.Pawsome;
				PRODUCT_NAME = "$(TARGET_NAME)";
				SDKROOT = iphoneos;
				SWIFT_VERSION = 5.0;
			};
			name = Debug;
		};
		D253BF8D2931886000027A71 /* Release */ = {
			isa = XCBuildConfiguration;
			buildSettings = {
				ALWAYS_EMBED_SWIFT_STANDARD_LIBRARIES = YES;
				CODE_SIGN_STYLE = Automatic;
				CURRENT_PROJECT_VERSION = 1;
				DEVELOPMENT_TEAM = BQUPLV7KWS;
				INFOPLIST_KEY_CFBundleDisplayName = Pawsome;
				IPHONEOS_DEPLOYMENT_TARGET = 16.1;
				MARKETING_VERSION = 1.0;
				PRODUCT_BUNDLE_IDENTIFIER = com.yourcompany.Pawsome;
				PRODUCT_NAME = "$(TARGET_NAME)";
				SDKROOT = iphoneos;
				SWIFT_VERSION = 5.0;
				VALIDATE_PRODUCT = YES;
			};
			name = Release;
		};
/* End XCBuildConfiguration section */

/* Begin XCConfigurationList section */
		D253BF6E2931885F00027A71 /* Build configuration list for PBXProject "Pawsome" */ = {
			isa = XCConfigurationList;
			buildConfigurations = (
				D253BF852931886000027A71 /* Debug */,
				D253BF862931886000027A71 /* Release */,
			);
			defaultConfigurationIsVisible = 0;
			defaultConfigurationName = Release;
		};
		D253BF872931886000027A71 /* Build configuration list for PBXNativeTarget "Pawsome Watch App" */ = {
			isa = XCConfigurationList;
			buildConfigurations = (
				D253BF882931886000027A71 /* Debug */,
				D253BF892931886000027A71 /* Release */,
			);
			defaultConfigurationIsVisible = 0;
			defaultConfigurationName = Release;
		};
		D253BF8B2931886000027A71 /* Build configuration list for PBXNativeTarget "Pawsome" */ = {
			isa = XCConfigurationList;
			buildConfigurations = (
				D253BF8C2931886000027A71 /* Debug */,
				D253BF8D2931886000027A71 /* Release */,
			);
			defaultConfigurationIsVisible = 0;
			defaultConfigurationName = Release;
		};
/* End XCConfigurationList section */
	};
	rootObject = D253BF6B2931885F00027A71 /* Project object */;
}
