// !$*UTF8*$!
{
	archiveVersion = 1;
	classes = {
	};
	objectVersion = 55;
	objects = {

/* Begin PBXBuildFile section */
		D2303C4726F7BCE00092537E /* Happy.app in Embed Watch Content */ = {isa = PBXBuildFile; fileRef = D2303C4626F7BCE00092537E /* Happy.app */; settings = {ATTRIBUTES = (RemoveHeadersOnCopy, ); }; };
		D2303C4C26F7BCE20092537E /* Assets.xcassets in Resources */ = {isa = PBXBuildFile; fileRef = D2303C4B26F7BCE20092537E /* Assets.xcassets */; };
		D2303C5226F7BCE20092537E /* Happy WatchKit Extension.appex in Embed App Extensions */ = {isa = PBXBuildFile; fileRef = D2303C5126F7BCE20092537E /* Happy WatchKit Extension.appex */; settings = {ATTRIBUTES = (RemoveHeadersOnCopy, ); }; };
		D2303C5726F7BCE20092537E /* ContentView.swift in Sources */ = {isa = PBXBuildFile; fileRef = D2303C5626F7BCE20092537E /* ContentView.swift */; };
		D2303C5926F7BCE20092537E /* HappyApp.swift in Sources */ = {isa = PBXBuildFile; fileRef = D2303C5826F7BCE20092537E /* HappyApp.swift */; };
		D2303C5B26F7BCE20092537E /* ComplicationController.swift in Sources */ = {isa = PBXBuildFile; fileRef = D2303C5A26F7BCE20092537E /* ComplicationController.swift */; };
		D2303C5D26F7BCE40092537E /* Assets.xcassets in Resources */ = {isa = PBXBuildFile; fileRef = D2303C5C26F7BCE40092537E /* Assets.xcassets */; };
		D2303C6026F7BCE40092537E /* Preview Assets.xcassets in Resources */ = {isa = PBXBuildFile; fileRef = D2303C5F26F7BCE40092537E /* Preview Assets.xcassets */; };
/* End PBXBuildFile section */

/* Begin PBXContainerItemProxy section */
		D2303C4826F7BCE00092537E /* PBXContainerItemProxy */ = {
			isa = PBXContainerItemProxy;
			containerPortal = D2303C3C26F7BCE00092537E /* Project object */;
			proxyType = 1;
			remoteGlobalIDString = D2303C4526F7BCE00092537E;
			remoteInfo = "Happy WatchKit App";
		};
		D2303C5326F7BCE20092537E /* PBXContainerItemProxy */ = {
			isa = PBXContainerItemProxy;
			containerPortal = D2303C3C26F7BCE00092537E /* Project object */;
			proxyType = 1;
			remoteGlobalIDString = D2303C5026F7BCE20092537E;
			remoteInfo = "Happy WatchKit Extension";
		};
/* End PBXContainerItemProxy section */

/* Begin PBXCopyFilesBuildPhase section */
		D2303C6726F7BCE40092537E /* Embed App Extensions */ = {
			isa = PBXCopyFilesBuildPhase;
			buildActionMask = 2147483647;
			dstPath = "";
			dstSubfolderSpec = 13;
			files = (
				D2303C5226F7BCE20092537E /* Happy WatchKit Extension.appex in Embed App Extensions */,
			);
			name = "Embed App Extensions";
			runOnlyForDeploymentPostprocessing = 0;
		};
		D2303C6B26F7BCE40092537E /* Embed Watch Content */ = {
			isa = PBXCopyFilesBuildPhase;
			buildActionMask = 2147483647;
			dstPath = "$(CONTENTS_FOLDER_PATH)/Watch";
			dstSubfolderSpec = 16;
			files = (
				D2303C4726F7BCE00092537E /* Happy.app in Embed Watch Content */,
			);
			name = "Embed Watch Content";
			runOnlyForDeploymentPostprocessing = 0;
		};
/* End PBXCopyFilesBuildPhase section */

/* Begin PBXFileReference section */
		D2303C4226F7BCE00092537E /* Happy.app */ = {isa = PBXFileReference; explicitFileType = wrapper.application; includeInIndex = 0; path = Happy.app; sourceTree = BUILT_PRODUCTS_DIR; };
		D2303C4626F7BCE00092537E /* Happy.app */ = {isa = PBXFileReference; explicitFileType = wrapper.application; includeInIndex = 0; path = Happy.app; sourceTree = BUILT_PRODUCTS_DIR; };
		D2303C4B26F7BCE20092537E /* Assets.xcassets */ = {isa = PBXFileReference; lastKnownFileType = folder.assetcatalog; path = Assets.xcassets; sourceTree = "<group>"; };
		D2303C5126F7BCE20092537E /* Happy WatchKit Extension.appex */ = {isa = PBXFileReference; explicitFileType = "wrapper.app-extension"; includeInIndex = 0; path = "Happy WatchKit Extension.appex"; sourceTree = BUILT_PRODUCTS_DIR; };
		D2303C5626F7BCE20092537E /* ContentView.swift */ = {isa = PBXFileReference; lastKnownFileType = sourcecode.swift; path = ContentView.swift; sourceTree = "<group>"; };
		D2303C5826F7BCE20092537E /* HappyApp.swift */ = {isa = PBXFileReference; lastKnownFileType = sourcecode.swift; path = HappyApp.swift; sourceTree = "<group>"; };
		D2303C5A26F7BCE20092537E /* ComplicationController.swift */ = {isa = PBXFileReference; lastKnownFileType = sourcecode.swift; path = ComplicationController.swift; sourceTree = "<group>"; };
		D2303C5C26F7BCE40092537E /* Assets.xcassets */ = {isa = PBXFileReference; lastKnownFileType = folder.assetcatalog; path = Assets.xcassets; sourceTree = "<group>"; };
		D2303C5F26F7BCE40092537E /* Preview Assets.xcassets */ = {isa = PBXFileReference; lastKnownFileType = folder.assetcatalog; path = "Preview Assets.xcassets"; sourceTree = "<group>"; };
		D2303C6126F7BCE40092537E /* Info.plist */ = {isa = PBXFileReference; lastKnownFileType = text.plist.xml; path = Info.plist; sourceTree = "<group>"; };
		D29A09B426F8259F00CAA2CA /* LICENSE */ = {isa = PBXFileReference; lastKnownFileType = text; path = LICENSE; sourceTree = "<group>"; };
/* End PBXFileReference section */

/* Begin PBXFrameworksBuildPhase section */
		D2303C4E26F7BCE20092537E /* Frameworks */ = {
			isa = PBXFrameworksBuildPhase;
			buildActionMask = 2147483647;
			files = (
			);
			runOnlyForDeploymentPostprocessing = 0;
		};
/* End PBXFrameworksBuildPhase section */

/* Begin PBXGroup section */
		D2303C3B26F7BCE00092537E = {
			isa = PBXGroup;
			children = (
				D29A09B426F8259F00CAA2CA /* LICENSE */,
				D2303C4A26F7BCE00092537E /* Happy WatchKit App */,
				D2303C5526F7BCE20092537E /* Happy WatchKit Extension */,
				D2303C4326F7BCE00092537E /* Products */,
			);
			indentWidth = 2;
			sourceTree = "<group>";
			tabWidth = 2;
		};
		D2303C4326F7BCE00092537E /* Products */ = {
			isa = PBXGroup;
			children = (
				D2303C4226F7BCE00092537E /* Happy.app */,
				D2303C4626F7BCE00092537E /* Happy.app */,
				D2303C5126F7BCE20092537E /* Happy WatchKit Extension.appex */,
			);
			name = Products;
			sourceTree = "<group>";
		};
		D2303C4A26F7BCE00092537E /* Happy WatchKit App */ = {
			isa = PBXGroup;
			children = (
				D2303C4B26F7BCE20092537E /* Assets.xcassets */,
			);
			path = "Happy WatchKit App";
			sourceTree = "<group>";
		};
		D2303C5526F7BCE20092537E /* Happy WatchKit Extension */ = {
			isa = PBXGroup;
			children = (
				D2303C6126F7BCE40092537E /* Info.plist */,
				D2303C5A26F7BCE20092537E /* ComplicationController.swift */,
				D2303C5626F7BCE20092537E /* ContentView.swift */,
				D2303C5826F7BCE20092537E /* HappyApp.swift */,
				D2303C5C26F7BCE40092537E /* Assets.xcassets */,
				D2303C5E26F7BCE40092537E /* Preview Content */,
			);
			path = "Happy WatchKit Extension";
			sourceTree = "<group>";
		};
		D2303C5E26F7BCE40092537E /* Preview Content */ = {
			isa = PBXGroup;
			children = (
				D2303C5F26F7BCE40092537E /* Preview Assets.xcassets */,
			);
			path = "Preview Content";
			sourceTree = "<group>";
		};
/* End PBXGroup section */

/* Begin PBXNativeTarget section */
		D2303C4126F7BCE00092537E /* Happy */ = {
			isa = PBXNativeTarget;
			buildConfigurationList = D2303C6C26F7BCE40092537E /* Build configuration list for PBXNativeTarget "Happy" */;
			buildPhases = (
				D2303C4026F7BCE00092537E /* Resources */,
				D2303C6B26F7BCE40092537E /* Embed Watch Content */,
			);
			buildRules = (
			);
			dependencies = (
				D2303C4926F7BCE00092537E /* PBXTargetDependency */,
			);
			name = Happy;
			productName = Happy;
			productReference = D2303C4226F7BCE00092537E /* Happy.app */;
			productType = "com.apple.product-type.application.watchapp2-container";
		};
		D2303C4526F7BCE00092537E /* Happy WatchKit App */ = {
			isa = PBXNativeTarget;
			buildConfigurationList = D2303C6826F7BCE40092537E /* Build configuration list for PBXNativeTarget "Happy WatchKit App" */;
			buildPhases = (
				D2303C4426F7BCE00092537E /* Resources */,
				D2303C6726F7BCE40092537E /* Embed App Extensions */,
			);
			buildRules = (
			);
			dependencies = (
				D2303C5426F7BCE20092537E /* PBXTargetDependency */,
			);
			name = "Happy WatchKit App";
			productName = "Happy WatchKit App";
			productReference = D2303C4626F7BCE00092537E /* Happy.app */;
			productType = "com.apple.product-type.application.watchapp2";
		};
		D2303C5026F7BCE20092537E /* Happy WatchKit Extension */ = {
			isa = PBXNativeTarget;
			buildConfigurationList = D2303C6426F7BCE40092537E /* Build configuration list for PBXNativeTarget "Happy WatchKit Extension" */;
			buildPhases = (
				D2303C4D26F7BCE20092537E /* Sources */,
				D2303C4E26F7BCE20092537E /* Frameworks */,
				D2303C4F26F7BCE20092537E /* Resources */,
			);
			buildRules = (
			);
			dependencies = (
			);
			name = "Happy WatchKit Extension";
			productName = "Happy WatchKit Extension";
			productReference = D2303C5126F7BCE20092537E /* Happy WatchKit Extension.appex */;
			productType = "com.apple.product-type.watchkit2-extension";
		};
/* End PBXNativeTarget section */

/* Begin PBXProject section */
		D2303C3C26F7BCE00092537E /* Project object */ = {
			isa = PBXProject;
			attributes = {
				BuildIndependentTargetsInParallel = 1;
				LastSwiftUpdateCheck = 1300;
				LastUpgradeCheck = 1300;
				ORGANIZATIONNAME = "Ray Wenderlich";
				TargetAttributes = {
					D2303C4126F7BCE00092537E = {
						CreatedOnToolsVersion = 13.0;
					};
					D2303C4526F7BCE00092537E = {
						CreatedOnToolsVersion = 13.0;
					};
					D2303C5026F7BCE20092537E = {
						CreatedOnToolsVersion = 13.0;
					};
				};
			};
			buildConfigurationList = D2303C3F26F7BCE00092537E /* Build configuration list for PBXProject "Happy" */;
			compatibilityVersion = "Xcode 13.0";
			developmentRegion = en;
			hasScannedForEncodings = 0;
			knownRegions = (
				en,
				Base,
			);
			mainGroup = D2303C3B26F7BCE00092537E;
			productRefGroup = D2303C4326F7BCE00092537E /* Products */;
			projectDirPath = "";
			projectRoot = "";
			targets = (
				D2303C4126F7BCE00092537E /* Happy */,
				D2303C4526F7BCE00092537E /* Happy WatchKit App */,
				D2303C5026F7BCE20092537E /* Happy WatchKit Extension */,
			);
		};
/* End PBXProject section */

/* Begin PBXResourcesBuildPhase section */
		D2303C4026F7BCE00092537E /* Resources */ = {
			isa = PBXResourcesBuildPhase;
			buildActionMask = 2147483647;
			files = (
			);
			runOnlyForDeploymentPostprocessing = 0;
		};
		D2303C4426F7BCE00092537E /* Resources */ = {
			isa = PBXResourcesBuildPhase;
			buildActionMask = 2147483647;
			files = (
				D2303C4C26F7BCE20092537E /* Assets.xcassets in Resources */,
			);
			runOnlyForDeploymentPostprocessing = 0;
		};
		D2303C4F26F7BCE20092537E /* Resources */ = {
			isa = PBXResourcesBuildPhase;
			buildActionMask = 2147483647;
			files = (
				D2303C6026F7BCE40092537E /* Preview Assets.xcassets in Resources */,
				D2303C5D26F7BCE40092537E /* Assets.xcassets in Resources */,
			);
			runOnlyForDeploymentPostprocessing = 0;
		};
/* End PBXResourcesBuildPhase section */

/* Begin PBXSourcesBuildPhase section */
		D2303C4D26F7BCE20092537E /* Sources */ = {
			isa = PBXSourcesBuildPhase;
			buildActionMask = 2147483647;
			files = (
				D2303C5926F7BCE20092537E /* HappyApp.swift in Sources */,
				D2303C5726F7BCE20092537E /* ContentView.swift in Sources */,
				D2303C5B26F7BCE20092537E /* ComplicationController.swift in Sources */,
			);
			runOnlyForDeploymentPostprocessing = 0;
		};
/* End PBXSourcesBuildPhase section */

/* Begin PBXTargetDependency section */
		D2303C4926F7BCE00092537E /* PBXTargetDependency */ = {
			isa = PBXTargetDependency;
			target = D2303C4526F7BCE00092537E /* Happy WatchKit App */;
			targetProxy = D2303C4826F7BCE00092537E /* PBXContainerItemProxy */;
		};
		D2303C5426F7BCE20092537E /* PBXTargetDependency */ = {
			isa = PBXTargetDependency;
			target = D2303C5026F7BCE20092537E /* Happy WatchKit Extension */;
			targetProxy = D2303C5326F7BCE20092537E /* PBXContainerItemProxy */;
		};
/* End PBXTargetDependency section */

/* Begin XCBuildConfiguration section */
		D2303C6226F7BCE40092537E /* Debug */ = {
			isa = XCBuildConfiguration;
			buildSettings = {
				ALWAYS_SEARCH_USER_PATHS = NO;
				CLANG_ANALYZER_NONNULL = YES;
				CLANG_ANALYZER_NUMBER_OBJECT_CONVERSION = YES_AGGRESSIVE;
				CLANG_CXX_LANGUAGE_STANDARD = "gnu++17";
				CLANG_CXX_LIBRARY = "libc++";
				CLANG_ENABLE_MODULES = YES;
				CLANG_ENABLE_OBJC_ARC = YES;
				CLANG_ENABLE_OBJC_WEAK = YES;
				CLANG_WARN_BLOCK_CAPTURE_AUTORELEASING = YES;
				CLANG_WARN_BOOL_CONVERSION = YES;
				CLANG_WARN_COMMA = YES;
				CLANG_WARN_CONSTANT_CONVERSION = YES;
				CLANG_WARN_DEPRECATED_OBJC_IMPLEMENTATIONS = YES;
				CLANG_WARN_DIRECT_OBJC_ISA_USAGE = YES_ERROR;
				CLANG_WARN_DOCUMENTATION_COMMENTS = YES;
				CLANG_WARN_EMPTY_BODY = YES;
				CLANG_WARN_ENUM_CONVERSION = YES;
				CLANG_WARN_INFINITE_RECURSION = YES;
				CLANG_WARN_INT_CONVERSION = YES;
				CLANG_WARN_NON_LITERAL_NULL_CONVERSION = YES;
				CLANG_WARN_OBJC_IMPLICIT_RETAIN_SELF = YES;
				CLANG_WARN_OBJC_LITERAL_CONVERSION = YES;
				CLANG_WARN_OBJC_ROOT_CLASS = YES_ERROR;
				CLANG_WARN_QUOTED_INCLUDE_IN_FRAMEWORK_HEADER = YES;
				CLANG_WARN_RANGE_LOOP_ANALYSIS = YES;
				CLANG_WARN_STRICT_PROTOTYPES = YES;
				CLANG_WARN_SUSPICIOUS_MOVE = YES;
				CLANG_WARN_UNGUARDED_AVAILABILITY = YES_AGGRESSIVE;
				CLANG_WARN_UNREACHABLE_CODE = YES;
				CLANG_WARN__DUPLICATE_METHOD_MATCH = YES;
				COPY_PHASE_STRIP = NO;
				DEBUG_INFORMATION_FORMAT = dwarf;
				ENABLE_STRICT_OBJC_MSGSEND = YES;
				ENABLE_TESTABILITY = YES;
				GCC_C_LANGUAGE_STANDARD = gnu11;
				GCC_DYNAMIC_NO_PIC = NO;
				GCC_NO_COMMON_BLOCKS = YES;
				GCC_OPTIMIZATION_LEVEL = 0;
				GCC_PREPROCESSOR_DEFINITIONS = (
					"DEBUG=1",
					"$(inherited)",
				);
				GCC_WARN_64_TO_32_BIT_CONVERSION = YES;
				GCC_WARN_ABOUT_RETURN_TYPE = YES_ERROR;
				GCC_WARN_UNDECLARED_SELECTOR = YES;
				GCC_WARN_UNINITIALIZED_AUTOS = YES_AGGRESSIVE;
				GCC_WARN_UNUSED_FUNCTION = YES;
				GCC_WARN_UNUSED_VARIABLE = YES;
				MTL_ENABLE_DEBUG_INFO = INCLUDE_SOURCE;
				MTL_FAST_MATH = YES;
				ONLY_ACTIVE_ARCH = YES;
				SDKROOT = iphoneos;
				SWIFT_ACTIVE_COMPILATION_CONDITIONS = DEBUG;
				SWIFT_OPTIMIZATION_LEVEL = "-Onone";
			};
			name = Debug;
		};
		D2303C6326F7BCE40092537E /* Release */ = {
			isa = XCBuildConfiguration;
			buildSettings = {
				ALWAYS_SEARCH_USER_PATHS = NO;
				CLANG_ANALYZER_NONNULL = YES;
				CLANG_ANALYZER_NUMBER_OBJECT_CONVERSION = YES_AGGRESSIVE;
				CLANG_CXX_LANGUAGE_STANDARD = "gnu++17";
				CLANG_CXX_LIBRARY = "libc++";
				CLANG_ENABLE_MODULES = YES;
				CLANG_ENABLE_OBJC_ARC = YES;
				CLANG_ENABLE_OBJC_WEAK = YES;
				CLANG_WARN_BLOCK_CAPTURE_AUTORELEASING = YES;
				CLANG_WARN_BOOL_CONVERSION = YES;
				CLANG_WARN_COMMA = YES;
				CLANG_WARN_CONSTANT_CONVERSION = YES;
				CLANG_WARN_DEPRECATED_OBJC_IMPLEMENTATIONS = YES;
				CLANG_WARN_DIRECT_OBJC_ISA_USAGE = YES_ERROR;
				CLANG_WARN_DOCUMENTATION_COMMENTS = YES;
				CLANG_WARN_EMPTY_BODY = YES;
				CLANG_WARN_ENUM_CONVERSION = YES;
				CLANG_WARN_INFINITE_RECURSION = YES;
				CLANG_WARN_INT_CONVERSION = YES;
				CLANG_WARN_NON_LITERAL_NULL_CONVERSION = YES;
				CLANG_WARN_OBJC_IMPLICIT_RETAIN_SELF = YES;
				CLANG_WARN_OBJC_LITERAL_CONVERSION = YES;
				CLANG_WARN_OBJC_ROOT_CLASS = YES_ERROR;
				CLANG_WARN_QUOTED_INCLUDE_IN_FRAMEWORK_HEADER = YES;
				CLANG_WARN_RANGE_LOOP_ANALYSIS = YES;
				CLANG_WARN_STRICT_PROTOTYPES = YES;
				CLANG_WARN_SUSPICIOUS_MOVE = YES;
				CLANG_WARN_UNGUARDED_AVAILABILITY = YES_AGGRESSIVE;
				CLANG_WARN_UNREACHABLE_CODE = YES;
				CLANG_WARN__DUPLICATE_METHOD_MATCH = YES;
				COPY_PHASE_STRIP = NO;
				DEBUG_INFORMATION_FORMAT = "dwarf-with-dsym";
				ENABLE_NS_ASSERTIONS = NO;
				ENABLE_STRICT_OBJC_MSGSEND = YES;
				GCC_C_LANGUAGE_STANDARD = gnu11;
				GCC_NO_COMMON_BLOCKS = YES;
				GCC_WARN_64_TO_32_BIT_CONVERSION = YES;
				GCC_WARN_ABOUT_RETURN_TYPE = YES_ERROR;
				GCC_WARN_UNDECLARED_SELECTOR = YES;
				GCC_WARN_UNINITIALIZED_AUTOS = YES_AGGRESSIVE;
				GCC_WARN_UNUSED_FUNCTION = YES;
				GCC_WARN_UNUSED_VARIABLE = YES;
				MTL_ENABLE_DEBUG_INFO = NO;
				MTL_FAST_MATH = YES;
				SDKROOT = iphoneos;
				SWIFT_COMPILATION_MODE = wholemodule;
				SWIFT_OPTIMIZATION_LEVEL = "-O";
				VALIDATE_PRODUCT = YES;
			};
			name = Release;
		};
		D2303C6526F7BCE40092537E /* Debug */ = {
			isa = XCBuildConfiguration;
			buildSettings = {
				ASSETCATALOG_COMPILER_COMPLICATION_NAME = Complication;
				CODE_SIGN_STYLE = Automatic;
				CURRENT_PROJECT_VERSION = 1;
				DEVELOPMENT_ASSET_PATHS = "\"Happy WatchKit Extension/Preview Content\"";
				DEVELOPMENT_TEAM = "";
				ENABLE_PREVIEWS = YES;
				GENERATE_INFOPLIST_FILE = YES;
				INFOPLIST_FILE = "Happy WatchKit Extension/Info.plist";
				INFOPLIST_KEY_CFBundleDisplayName = Happy;
				INFOPLIST_KEY_CLKComplicationPrincipalClass = Happy_WatchKit_Extension.ComplicationController;
				INFOPLIST_KEY_NSHumanReadableCopyright = "";
				INFOPLIST_KEY_WKWatchOnly = YES;
				LD_RUNPATH_SEARCH_PATHS = (
					"$(inherited)",
					"@executable_path/Frameworks",
					"@executable_path/../../Frameworks",
				);
				MARKETING_VERSION = 1.0;
				PRODUCT_BUNDLE_IDENTIFIER = com.raywenderlich.Happy.watchkitapp.watchkitextension;
				PRODUCT_NAME = "${TARGET_NAME}";
				SDKROOT = watchos;
				SKIP_INSTALL = YES;
				SWIFT_EMIT_LOC_STRINGS = YES;
				SWIFT_VERSION = 5.0;
				TARGETED_DEVICE_FAMILY = 4;
				WATCHOS_DEPLOYMENT_TARGET = 8.0;
			};
			name = Debug;
		};
		D2303C6626F7BCE40092537E /* Release */ = {
			isa = XCBuildConfiguration;
			buildSettings = {
				ASSETCATALOG_COMPILER_COMPLICATION_NAME = Complication;
				CODE_SIGN_STYLE = Automatic;
				CURRENT_PROJECT_VERSION = 1;
				DEVELOPMENT_ASSET_PATHS = "\"Happy WatchKit Extension/Preview Content\"";
				DEVELOPMENT_TEAM = "";
				ENABLE_PREVIEWS = YES;
				GENERATE_INFOPLIST_FILE = YES;
				INFOPLIST_FILE = "Happy WatchKit Extension/Info.plist";
				INFOPLIST_KEY_CFBundleDisplayName = Happy;
				INFOPLIST_KEY_CLKComplicationPrincipalClass = Happy_WatchKit_Extension.ComplicationController;
				INFOPLIST_KEY_NSHumanReadableCopyright = "";
				INFOPLIST_KEY_WKWatchOnly = YES;
				LD_RUNPATH_SEARCH_PATHS = (
					"$(inherited)",
					"@executable_path/Frameworks",
					"@executable_path/../../Frameworks",
				);
				MARKETING_VERSION = 1.0;
				PRODUCT_BUNDLE_IDENTIFIER = com.raywenderlich.Happy.watchkitapp.watchkitextension;
				PRODUCT_NAME = "${TARGET_NAME}";
				SDKROOT = watchos;
				SKIP_INSTALL = YES;
				SWIFT_EMIT_LOC_STRINGS = YES;
				SWIFT_VERSION = 5.0;
				TARGETED_DEVICE_FAMILY = 4;
				WATCHOS_DEPLOYMENT_TARGET = 8.0;
			};
			name = Release;
		};
		D2303C6926F7BCE40092537E /* Debug */ = {
			isa = XCBuildConfiguration;
			buildSettings = {
				ALWAYS_EMBED_SWIFT_STANDARD_LIBRARIES = YES;
				ASSETCATALOG_COMPILER_APPICON_NAME = AppIcon;
				ASSETCATALOG_COMPILER_GLOBAL_ACCENT_COLOR_NAME = AccentColor;
				CODE_SIGN_STYLE = Automatic;
				CURRENT_PROJECT_VERSION = 1;
				DEVELOPMENT_TEAM = "";
				GENERATE_INFOPLIST_FILE = YES;
				IBSC_MODULE = Happy_WatchKit_Extension;
				INFOPLIST_KEY_UISupportedInterfaceOrientations = "UIInterfaceOrientationPortrait UIInterfaceOrientationPortraitUpsideDown";
				MARKETING_VERSION = 1.0;
				PRODUCT_BUNDLE_IDENTIFIER = com.raywenderlich.Happy.watchkitapp;
				PRODUCT_NAME = Happy;
				SDKROOT = watchos;
				SKIP_INSTALL = YES;
				SWIFT_EMIT_LOC_STRINGS = YES;
				SWIFT_VERSION = 5.0;
				TARGETED_DEVICE_FAMILY = 4;
				WATCHOS_DEPLOYMENT_TARGET = 8.0;
			};
			name = Debug;
		};
		D2303C6A26F7BCE40092537E /* Release */ = {
			isa = XCBuildConfiguration;
			buildSettings = {
				ALWAYS_EMBED_SWIFT_STANDARD_LIBRARIES = YES;
				ASSETCATALOG_COMPILER_APPICON_NAME = AppIcon;
				ASSETCATALOG_COMPILER_GLOBAL_ACCENT_COLOR_NAME = AccentColor;
				CODE_SIGN_STYLE = Automatic;
				CURRENT_PROJECT_VERSION = 1;
				DEVELOPMENT_TEAM = "";
				GENERATE_INFOPLIST_FILE = YES;
				IBSC_MODULE = Happy_WatchKit_Extension;
				INFOPLIST_KEY_UISupportedInterfaceOrientations = "UIInterfaceOrientationPortrait UIInterfaceOrientationPortraitUpsideDown";
				MARKETING_VERSION = 1.0;
				PRODUCT_BUNDLE_IDENTIFIER = com.raywenderlich.Happy.watchkitapp;
				PRODUCT_NAME = Happy;
				SDKROOT = watchos;
				SKIP_INSTALL = YES;
				SWIFT_EMIT_LOC_STRINGS = YES;
				SWIFT_VERSION = 5.0;
				TARGETED_DEVICE_FAMILY = 4;
				WATCHOS_DEPLOYMENT_TARGET = 8.0;
			};
			name = Release;
		};
		D2303C6D26F7BCE40092537E /* Debug */ = {
			isa = XCBuildConfiguration;
			buildSettings = {
				CODE_SIGN_STYLE = Automatic;
				CURRENT_PROJECT_VERSION = 1;
				DEVELOPMENT_TEAM = "";
				MARKETING_VERSION = 1.0;
				PRODUCT_BUNDLE_IDENTIFIER = com.raywenderlich.Happy;
				PRODUCT_NAME = "$(TARGET_NAME)";
				SWIFT_VERSION = 5.0;
			};
			name = Debug;
		};
		D2303C6E26F7BCE40092537E /* Release */ = {
			isa = XCBuildConfiguration;
			buildSettings = {
				CODE_SIGN_STYLE = Automatic;
				CURRENT_PROJECT_VERSION = 1;
				DEVELOPMENT_TEAM = "";
				MARKETING_VERSION = 1.0;
				PRODUCT_BUNDLE_IDENTIFIER = com.raywenderlich.Happy;
				PRODUCT_NAME = "$(TARGET_NAME)";
				SWIFT_VERSION = 5.0;
			};
			name = Release;
		};
/* End XCBuildConfiguration section */

/* Begin XCConfigurationList section */
		D2303C3F26F7BCE00092537E /* Build configuration list for PBXProject "Happy" */ = {
			isa = XCConfigurationList;
			buildConfigurations = (
				D2303C6226F7BCE40092537E /* Debug */,
				D2303C6326F7BCE40092537E /* Release */,
			);
			defaultConfigurationIsVisible = 0;
			defaultConfigurationName = Release;
		};
		D2303C6426F7BCE40092537E /* Build configuration list for PBXNativeTarget "Happy WatchKit Extension" */ = {
			isa = XCConfigurationList;
			buildConfigurations = (
				D2303C6526F7BCE40092537E /* Debug */,
				D2303C6626F7BCE40092537E /* Release */,
			);
			defaultConfigurationIsVisible = 0;
			defaultConfigurationName = Release;
		};
		D2303C6826F7BCE40092537E /* Build configuration list for PBXNativeTarget "Happy WatchKit App" */ = {
			isa = XCConfigurationList;
			buildConfigurations = (
				D2303C6926F7BCE40092537E /* Debug */,
				D2303C6A26F7BCE40092537E /* Release */,
			);
			defaultConfigurationIsVisible = 0;
			defaultConfigurationName = Release;
		};
		D2303C6C26F7BCE40092537E /* Build configuration list for PBXNativeTarget "Happy" */ = {
			isa = XCConfigurationList;
			buildConfigurations = (
				D2303C6D26F7BCE40092537E /* Debug */,
				D2303C6E26F7BCE40092537E /* Release */,
			);
			defaultConfigurationIsVisible = 0;
			defaultConfigurationName = Release;
		};
/* End XCConfigurationList section */
	};
	rootObject = D2303C3C26F7BCE00092537E /* Project object */;
}
