// !$*UTF8*$!
{
	archiveVersion = 1;
	classes = {
	};
	objectVersion = 55;
	objects = {

/* Begin PBXBuildFile section */
		D28CD90326EEA5AD00A1DE0F /* Health WatchKit App.app in Embed Watch Content */ = {isa = PBXBuildFile; fileRef = D28CD90226EEA5AD00A1DE0F /* Health WatchKit App.app */; settings = {ATTRIBUTES = (RemoveHeadersOnCopy, ); }; };
		D28CD90826EEA5AE00A1DE0F /* Assets.xcassets in Resources */ = {isa = PBXBuildFile; fileRef = D28CD90726EEA5AE00A1DE0F /* Assets.xcassets */; };
		D28CD90E26EEA5AF00A1DE0F /* Health WatchKit Extension.appex in Embed App Extensions */ = {isa = PBXBuildFile; fileRef = D28CD90D26EEA5AF00A1DE0F /* Health WatchKit Extension.appex */; settings = {ATTRIBUTES = (RemoveHeadersOnCopy, ); }; };
		D28CD91326EEA5AF00A1DE0F /* ContentView.swift in Sources */ = {isa = PBXBuildFile; fileRef = D28CD91226EEA5AF00A1DE0F /* ContentView.swift */; };
		D28CD91526EEA5AF00A1DE0F /* HealthApp.swift in Sources */ = {isa = PBXBuildFile; fileRef = D28CD91426EEA5AF00A1DE0F /* HealthApp.swift */; };
		D28CD91726EEA5AF00A1DE0F /* ComplicationController.swift in Sources */ = {isa = PBXBuildFile; fileRef = D28CD91626EEA5AF00A1DE0F /* ComplicationController.swift */; };
		D28CD91926EEA5B000A1DE0F /* Assets.xcassets in Resources */ = {isa = PBXBuildFile; fileRef = D28CD91826EEA5B000A1DE0F /* Assets.xcassets */; };
		D28CD91C26EEA5B000A1DE0F /* Preview Assets.xcassets in Resources */ = {isa = PBXBuildFile; fileRef = D28CD91B26EEA5B000A1DE0F /* Preview Assets.xcassets */; };
		D28CD93126EEA5F100A1DE0F /* BrushingModel.swift in Sources */ = {isa = PBXBuildFile; fileRef = D28CD93026EEA5F100A1DE0F /* BrushingModel.swift */; };
		D28CD93326EEA60D00A1DE0F /* BrushingTimerView.swift in Sources */ = {isa = PBXBuildFile; fileRef = D28CD93226EEA60D00A1DE0F /* BrushingTimerView.swift */; };
		D28CD93526EEA64200A1DE0F /* GetReadyView.swift in Sources */ = {isa = PBXBuildFile; fileRef = D28CD93426EEA64200A1DE0F /* GetReadyView.swift */; };
		D28CD93926EEA68600A1DE0F /* SwiftUICharts in Frameworks */ = {isa = PBXBuildFile; productRef = D28CD93826EEA68600A1DE0F /* SwiftUICharts */; };
		D28CD93D26EEA79E00A1DE0F /* HealthKit.framework in Frameworks */ = {isa = PBXBuildFile; fileRef = D28CD93C26EEA79E00A1DE0F /* HealthKit.framework */; };
		D28CD93F26EEACCF00A1DE0F /* HealthStore.swift in Sources */ = {isa = PBXBuildFile; fileRef = D28CD93E26EEACCF00A1DE0F /* HealthStore.swift */; };
		D28CD94126EEC66700A1DE0F /* Notification.Name+Extension.swift in Sources */ = {isa = PBXBuildFile; fileRef = D28CD94026EEC66700A1DE0F /* Notification.Name+Extension.swift */; };
		D28CD94526EED49300A1DE0F /* LogWaterButton.swift in Sources */ = {isa = PBXBuildFile; fileRef = D28CD94426EED49300A1DE0F /* LogWaterButton.swift */; };
		D28CD94926EED6B900A1DE0F /* WaterView.swift in Sources */ = {isa = PBXBuildFile; fileRef = D28CD94826EED6B900A1DE0F /* WaterView.swift */; };
		D28CD94F26EEF5A000A1DE0F /* WaterGraphData.swift in Sources */ = {isa = PBXBuildFile; fileRef = D28CD94E26EEF5A000A1DE0F /* WaterGraphData.swift */; };
		D28CD95326EEF61D00A1DE0F /* BarChart.swift in Sources */ = {isa = PBXBuildFile; fileRef = D28CD95226EEF61D00A1DE0F /* BarChart.swift */; };
/* End PBXBuildFile section */

/* Begin PBXContainerItemProxy section */
		D28CD90426EEA5AD00A1DE0F /* PBXContainerItemProxy */ = {
			isa = PBXContainerItemProxy;
			containerPortal = D28CD8F826EEA5AC00A1DE0F /* Project object */;
			proxyType = 1;
			remoteGlobalIDString = D28CD90126EEA5AD00A1DE0F;
			remoteInfo = "Health WatchKit App";
		};
		D28CD90F26EEA5AF00A1DE0F /* PBXContainerItemProxy */ = {
			isa = PBXContainerItemProxy;
			containerPortal = D28CD8F826EEA5AC00A1DE0F /* Project object */;
			proxyType = 1;
			remoteGlobalIDString = D28CD90C26EEA5AF00A1DE0F;
			remoteInfo = "Health WatchKit Extension";
		};
/* End PBXContainerItemProxy section */

/* Begin PBXCopyFilesBuildPhase section */
		D28CD92326EEA5B000A1DE0F /* Embed App Extensions */ = {
			isa = PBXCopyFilesBuildPhase;
			buildActionMask = 2147483647;
			dstPath = "";
			dstSubfolderSpec = 13;
			files = (
				D28CD90E26EEA5AF00A1DE0F /* Health WatchKit Extension.appex in Embed App Extensions */,
			);
			name = "Embed App Extensions";
			runOnlyForDeploymentPostprocessing = 0;
		};
		D28CD92726EEA5B000A1DE0F /* Embed Watch Content */ = {
			isa = PBXCopyFilesBuildPhase;
			buildActionMask = 2147483647;
			dstPath = "$(CONTENTS_FOLDER_PATH)/Watch";
			dstSubfolderSpec = 16;
			files = (
				D28CD90326EEA5AD00A1DE0F /* Health WatchKit App.app in Embed Watch Content */,
			);
			name = "Embed Watch Content";
			runOnlyForDeploymentPostprocessing = 0;
		};
/* End PBXCopyFilesBuildPhase section */

/* Begin PBXFileReference section */
		D28CD8FE26EEA5AC00A1DE0F /* Health.app */ = {isa = PBXFileReference; explicitFileType = wrapper.application; includeInIndex = 0; path = Health.app; sourceTree = BUILT_PRODUCTS_DIR; };
		D28CD90226EEA5AD00A1DE0F /* Health WatchKit App.app */ = {isa = PBXFileReference; explicitFileType = wrapper.application; includeInIndex = 0; path = "Health WatchKit App.app"; sourceTree = BUILT_PRODUCTS_DIR; };
		D28CD90726EEA5AE00A1DE0F /* Assets.xcassets */ = {isa = PBXFileReference; lastKnownFileType = folder.assetcatalog; path = Assets.xcassets; sourceTree = "<group>"; };
		D28CD90D26EEA5AF00A1DE0F /* Health WatchKit Extension.appex */ = {isa = PBXFileReference; explicitFileType = "wrapper.app-extension"; includeInIndex = 0; path = "Health WatchKit Extension.appex"; sourceTree = BUILT_PRODUCTS_DIR; };
		D28CD91226EEA5AF00A1DE0F /* ContentView.swift */ = {isa = PBXFileReference; lastKnownFileType = sourcecode.swift; path = ContentView.swift; sourceTree = "<group>"; };
		D28CD91426EEA5AF00A1DE0F /* HealthApp.swift */ = {isa = PBXFileReference; lastKnownFileType = sourcecode.swift; path = HealthApp.swift; sourceTree = "<group>"; };
		D28CD91626EEA5AF00A1DE0F /* ComplicationController.swift */ = {isa = PBXFileReference; lastKnownFileType = sourcecode.swift; path = ComplicationController.swift; sourceTree = "<group>"; };
		D28CD91826EEA5B000A1DE0F /* Assets.xcassets */ = {isa = PBXFileReference; lastKnownFileType = folder.assetcatalog; path = Assets.xcassets; sourceTree = "<group>"; };
		D28CD91B26EEA5B000A1DE0F /* Preview Assets.xcassets */ = {isa = PBXFileReference; lastKnownFileType = folder.assetcatalog; path = "Preview Assets.xcassets"; sourceTree = "<group>"; };
		D28CD91D26EEA5B000A1DE0F /* Info.plist */ = {isa = PBXFileReference; lastKnownFileType = text.plist.xml; path = Info.plist; sourceTree = "<group>"; };
		D28CD93026EEA5F100A1DE0F /* BrushingModel.swift */ = {isa = PBXFileReference; lastKnownFileType = sourcecode.swift; path = BrushingModel.swift; sourceTree = "<group>"; };
		D28CD93226EEA60D00A1DE0F /* BrushingTimerView.swift */ = {isa = PBXFileReference; lastKnownFileType = sourcecode.swift; path = BrushingTimerView.swift; sourceTree = "<group>"; };
		D28CD93426EEA64200A1DE0F /* GetReadyView.swift */ = {isa = PBXFileReference; lastKnownFileType = sourcecode.swift; path = GetReadyView.swift; sourceTree = "<group>"; };
		D28CD93A26EEA79E00A1DE0F /* Health WatchKit Extension.entitlements */ = {isa = PBXFileReference; lastKnownFileType = text.plist.entitlements; path = "Health WatchKit Extension.entitlements"; sourceTree = "<group>"; };
		D28CD93C26EEA79E00A1DE0F /* HealthKit.framework */ = {isa = PBXFileReference; lastKnownFileType = wrapper.framework; name = HealthKit.framework; path = Platforms/WatchOS.platform/Developer/SDKs/WatchOS8.0.sdk/System/Library/Frameworks/HealthKit.framework; sourceTree = DEVELOPER_DIR; };
		D28CD93E26EEACCF00A1DE0F /* HealthStore.swift */ = {isa = PBXFileReference; lastKnownFileType = sourcecode.swift; path = HealthStore.swift; sourceTree = "<group>"; };
		D28CD94026EEC66700A1DE0F /* Notification.Name+Extension.swift */ = {isa = PBXFileReference; lastKnownFileType = sourcecode.swift; path = "Notification.Name+Extension.swift"; sourceTree = "<group>"; };
		D28CD94426EED49300A1DE0F /* LogWaterButton.swift */ = {isa = PBXFileReference; lastKnownFileType = sourcecode.swift; path = LogWaterButton.swift; sourceTree = "<group>"; };
		D28CD94826EED6B900A1DE0F /* WaterView.swift */ = {isa = PBXFileReference; lastKnownFileType = sourcecode.swift; path = WaterView.swift; sourceTree = "<group>"; };
		D28CD94E26EEF5A000A1DE0F /* WaterGraphData.swift */ = {isa = PBXFileReference; lastKnownFileType = sourcecode.swift; path = WaterGraphData.swift; sourceTree = "<group>"; };
		D28CD95226EEF61D00A1DE0F /* BarChart.swift */ = {isa = PBXFileReference; lastKnownFileType = sourcecode.swift; path = BarChart.swift; sourceTree = "<group>"; };
		D28CD95426EF07F500A1DE0F /* LICENSE */ = {isa = PBXFileReference; lastKnownFileType = text; path = LICENSE; sourceTree = "<group>"; };
/* End PBXFileReference section */

/* Begin PBXFrameworksBuildPhase section */
		D28CD90A26EEA5AF00A1DE0F /* Frameworks */ = {
			isa = PBXFrameworksBuildPhase;
			buildActionMask = 2147483647;
			files = (
				D28CD93926EEA68600A1DE0F /* SwiftUICharts in Frameworks */,
				D28CD93D26EEA79E00A1DE0F /* HealthKit.framework in Frameworks */,
			);
			runOnlyForDeploymentPostprocessing = 0;
		};
/* End PBXFrameworksBuildPhase section */

/* Begin PBXGroup section */
		D28CD8F726EEA5AC00A1DE0F = {
			isa = PBXGroup;
			children = (
				D28CD95426EF07F500A1DE0F /* LICENSE */,
				D28CD90626EEA5AD00A1DE0F /* Health WatchKit App */,
				D28CD91126EEA5AF00A1DE0F /* Health WatchKit Extension */,
				D28CD8FF26EEA5AC00A1DE0F /* Products */,
				D28CD93B26EEA79E00A1DE0F /* Frameworks */,
			);
			indentWidth = 2;
			sourceTree = "<group>";
			tabWidth = 2;
		};
		D28CD8FF26EEA5AC00A1DE0F /* Products */ = {
			isa = PBXGroup;
			children = (
				D28CD8FE26EEA5AC00A1DE0F /* Health.app */,
				D28CD90226EEA5AD00A1DE0F /* Health WatchKit App.app */,
				D28CD90D26EEA5AF00A1DE0F /* Health WatchKit Extension.appex */,
			);
			name = Products;
			sourceTree = "<group>";
		};
		D28CD90626EEA5AD00A1DE0F /* Health WatchKit App */ = {
			isa = PBXGroup;
			children = (
				D28CD90726EEA5AE00A1DE0F /* Assets.xcassets */,
			);
			path = "Health WatchKit App";
			sourceTree = "<group>";
		};
		D28CD91126EEA5AF00A1DE0F /* Health WatchKit Extension */ = {
			isa = PBXGroup;
			children = (
				D28CD93A26EEA79E00A1DE0F /* Health WatchKit Extension.entitlements */,
				D28CD91D26EEA5B000A1DE0F /* Info.plist */,
				D28CD91626EEA5AF00A1DE0F /* ComplicationController.swift */,
				D28CD91226EEA5AF00A1DE0F /* ContentView.swift */,
				D28CD93426EEA64200A1DE0F /* GetReadyView.swift */,
				D28CD91426EEA5AF00A1DE0F /* HealthApp.swift */,
				D28CD93E26EEACCF00A1DE0F /* HealthStore.swift */,
				D28CD94026EEC66700A1DE0F /* Notification.Name+Extension.swift */,
				D28CD91826EEA5B000A1DE0F /* Assets.xcassets */,
				D28CD91A26EEA5B000A1DE0F /* Preview Content */,
				D28CD92B26EEA5C000A1DE0F /* Teeth */,
				D28CD93626EEA65200A1DE0F /* Water */,
			);
			path = "Health WatchKit Extension";
			sourceTree = "<group>";
		};
		D28CD91A26EEA5B000A1DE0F /* Preview Content */ = {
			isa = PBXGroup;
			children = (
				D28CD91B26EEA5B000A1DE0F /* Preview Assets.xcassets */,
			);
			path = "Preview Content";
			sourceTree = "<group>";
		};
		D28CD92B26EEA5C000A1DE0F /* Teeth */ = {
			isa = PBXGroup;
			children = (
				D28CD93026EEA5F100A1DE0F /* BrushingModel.swift */,
				D28CD93226EEA60D00A1DE0F /* BrushingTimerView.swift */,
			);
			path = Teeth;
			sourceTree = "<group>";
		};
		D28CD93626EEA65200A1DE0F /* Water */ = {
			isa = PBXGroup;
			children = (
				D28CD95226EEF61D00A1DE0F /* BarChart.swift */,
				D28CD94426EED49300A1DE0F /* LogWaterButton.swift */,
				D28CD94E26EEF5A000A1DE0F /* WaterGraphData.swift */,
				D28CD94826EED6B900A1DE0F /* WaterView.swift */,
			);
			path = Water;
			sourceTree = "<group>";
		};
		D28CD93B26EEA79E00A1DE0F /* Frameworks */ = {
			isa = PBXGroup;
			children = (
				D28CD93C26EEA79E00A1DE0F /* HealthKit.framework */,
			);
			name = Frameworks;
			sourceTree = "<group>";
		};
/* End PBXGroup section */

/* Begin PBXNativeTarget section */
		D28CD8FD26EEA5AC00A1DE0F /* Health */ = {
			isa = PBXNativeTarget;
			buildConfigurationList = D28CD92826EEA5B000A1DE0F /* Build configuration list for PBXNativeTarget "Health" */;
			buildPhases = (
				D28CD8FC26EEA5AC00A1DE0F /* Resources */,
				D28CD92726EEA5B000A1DE0F /* Embed Watch Content */,
			);
			buildRules = (
			);
			dependencies = (
				D28CD90526EEA5AD00A1DE0F /* PBXTargetDependency */,
			);
			name = Health;
			productName = Health;
			productReference = D28CD8FE26EEA5AC00A1DE0F /* Health.app */;
			productType = "com.apple.product-type.application.watchapp2-container";
		};
		D28CD90126EEA5AD00A1DE0F /* Health WatchKit App */ = {
			isa = PBXNativeTarget;
			buildConfigurationList = D28CD92426EEA5B000A1DE0F /* Build configuration list for PBXNativeTarget "Health WatchKit App" */;
			buildPhases = (
				D28CD90026EEA5AD00A1DE0F /* Resources */,
				D28CD92326EEA5B000A1DE0F /* Embed App Extensions */,
			);
			buildRules = (
			);
			dependencies = (
				D28CD91026EEA5AF00A1DE0F /* PBXTargetDependency */,
			);
			name = "Health WatchKit App";
			productName = "Health WatchKit App";
			productReference = D28CD90226EEA5AD00A1DE0F /* Health WatchKit App.app */;
			productType = "com.apple.product-type.application.watchapp2";
		};
		D28CD90C26EEA5AF00A1DE0F /* Health WatchKit Extension */ = {
			isa = PBXNativeTarget;
			buildConfigurationList = D28CD92026EEA5B000A1DE0F /* Build configuration list for PBXNativeTarget "Health WatchKit Extension" */;
			buildPhases = (
				D28CD90926EEA5AF00A1DE0F /* Sources */,
				D28CD90A26EEA5AF00A1DE0F /* Frameworks */,
				D28CD90B26EEA5AF00A1DE0F /* Resources */,
			);
			buildRules = (
			);
			dependencies = (
			);
			name = "Health WatchKit Extension";
			packageProductDependencies = (
				D28CD93826EEA68600A1DE0F /* SwiftUICharts */,
			);
			productName = "Health WatchKit Extension";
			productReference = D28CD90D26EEA5AF00A1DE0F /* Health WatchKit Extension.appex */;
			productType = "com.apple.product-type.watchkit2-extension";
		};
/* End PBXNativeTarget section */

/* Begin PBXProject section */
		D28CD8F826EEA5AC00A1DE0F /* Project object */ = {
			isa = PBXProject;
			attributes = {
				BuildIndependentTargetsInParallel = 1;
				LastSwiftUpdateCheck = 1300;
				LastUpgradeCheck = 1300;
				ORGANIZATIONNAME = "Ray Wenderlich";
				TargetAttributes = {
					D28CD8FD26EEA5AC00A1DE0F = {
						CreatedOnToolsVersion = 13.0;
					};
					D28CD90126EEA5AD00A1DE0F = {
						CreatedOnToolsVersion = 13.0;
					};
					D28CD90C26EEA5AF00A1DE0F = {
						CreatedOnToolsVersion = 13.0;
					};
				};
			};
			buildConfigurationList = D28CD8FB26EEA5AC00A1DE0F /* Build configuration list for PBXProject "Health" */;
			compatibilityVersion = "Xcode 13.0";
			developmentRegion = en;
			hasScannedForEncodings = 0;
			knownRegions = (
				en,
				Base,
			);
			mainGroup = D28CD8F726EEA5AC00A1DE0F;
			packageReferences = (
				D28CD93726EEA68600A1DE0F /* XCRemoteSwiftPackageReference "SwiftUICharts" */,
			);
			productRefGroup = D28CD8FF26EEA5AC00A1DE0F /* Products */;
			projectDirPath = "";
			projectRoot = "";
			targets = (
				D28CD8FD26EEA5AC00A1DE0F /* Health */,
				D28CD90126EEA5AD00A1DE0F /* Health WatchKit App */,
				D28CD90C26EEA5AF00A1DE0F /* Health WatchKit Extension */,
			);
		};
/* End PBXProject section */

/* Begin PBXResourcesBuildPhase section */
		D28CD8FC26EEA5AC00A1DE0F /* Resources */ = {
			isa = PBXResourcesBuildPhase;
			buildActionMask = 2147483647;
			files = (
			);
			runOnlyForDeploymentPostprocessing = 0;
		};
		D28CD90026EEA5AD00A1DE0F /* Resources */ = {
			isa = PBXResourcesBuildPhase;
			buildActionMask = 2147483647;
			files = (
				D28CD90826EEA5AE00A1DE0F /* Assets.xcassets in Resources */,
			);
			runOnlyForDeploymentPostprocessing = 0;
		};
		D28CD90B26EEA5AF00A1DE0F /* Resources */ = {
			isa = PBXResourcesBuildPhase;
			buildActionMask = 2147483647;
			files = (
				D28CD91C26EEA5B000A1DE0F /* Preview Assets.xcassets in Resources */,
				D28CD91926EEA5B000A1DE0F /* Assets.xcassets in Resources */,
			);
			runOnlyForDeploymentPostprocessing = 0;
		};
/* End PBXResourcesBuildPhase section */

/* Begin PBXSourcesBuildPhase section */
		D28CD90926EEA5AF00A1DE0F /* Sources */ = {
			isa = PBXSourcesBuildPhase;
			buildActionMask = 2147483647;
			files = (
				D28CD93326EEA60D00A1DE0F /* BrushingTimerView.swift in Sources */,
				D28CD93526EEA64200A1DE0F /* GetReadyView.swift in Sources */,
				D28CD91326EEA5AF00A1DE0F /* ContentView.swift in Sources */,
				D28CD93126EEA5F100A1DE0F /* BrushingModel.swift in Sources */,
				D28CD95326EEF61D00A1DE0F /* BarChart.swift in Sources */,
				D28CD94926EED6B900A1DE0F /* WaterView.swift in Sources */,
				D28CD91526EEA5AF00A1DE0F /* HealthApp.swift in Sources */,
				D28CD91726EEA5AF00A1DE0F /* ComplicationController.swift in Sources */,
				D28CD94126EEC66700A1DE0F /* Notification.Name+Extension.swift in Sources */,
				D28CD94F26EEF5A000A1DE0F /* WaterGraphData.swift in Sources */,
				D28CD94526EED49300A1DE0F /* LogWaterButton.swift in Sources */,
				D28CD93F26EEACCF00A1DE0F /* HealthStore.swift in Sources */,
			);
			runOnlyForDeploymentPostprocessing = 0;
		};
/* End PBXSourcesBuildPhase section */

/* Begin PBXTargetDependency section */
		D28CD90526EEA5AD00A1DE0F /* PBXTargetDependency */ = {
			isa = PBXTargetDependency;
			target = D28CD90126EEA5AD00A1DE0F /* Health WatchKit App */;
			targetProxy = D28CD90426EEA5AD00A1DE0F /* PBXContainerItemProxy */;
		};
		D28CD91026EEA5AF00A1DE0F /* PBXTargetDependency */ = {
			isa = PBXTargetDependency;
			target = D28CD90C26EEA5AF00A1DE0F /* Health WatchKit Extension */;
			targetProxy = D28CD90F26EEA5AF00A1DE0F /* PBXContainerItemProxy */;
		};
/* End PBXTargetDependency section */

/* Begin XCBuildConfiguration section */
		D28CD91E26EEA5B000A1DE0F /* Debug */ = {
			isa = XCBuildConfiguration;
			buildSettings = {
				ALWAYS_SEARCH_USER_PATHS = NO;
				CLANG_ANALYZER_NONNULL = YES;
				CLANG_ANALYZER_NUMBER_OBJECT_CONVERSION = YES_AGGRESSIVE;
				CLANG_CXX_LANGUAGE_STANDARD = "gnu++17";
				CLANG_CXX_LIBRARY = "libc++";
				CLANG_ENABLE_MODULES = YES;
				CLANG_ENABLE_OBJC_ARC = YES;
				CLANG_ENABLE_OBJC_WEAK = YES;
				CLANG_WARN_BLOCK_CAPTURE_AUTORELEASING = YES;
				CLANG_WARN_BOOL_CONVERSION = YES;
				CLANG_WARN_COMMA = YES;
				CLANG_WARN_CONSTANT_CONVERSION = YES;
				CLANG_WARN_DEPRECATED_OBJC_IMPLEMENTATIONS = YES;
				CLANG_WARN_DIRECT_OBJC_ISA_USAGE = YES_ERROR;
				CLANG_WARN_DOCUMENTATION_COMMENTS = YES;
				CLANG_WARN_EMPTY_BODY = YES;
				CLANG_WARN_ENUM_CONVERSION = YES;
				CLANG_WARN_INFINITE_RECURSION = YES;
				CLANG_WARN_INT_CONVERSION = YES;
				CLANG_WARN_NON_LITERAL_NULL_CONVERSION = YES;
				CLANG_WARN_OBJC_IMPLICIT_RETAIN_SELF = YES;
				CLANG_WARN_OBJC_LITERAL_CONVERSION = YES;
				CLANG_WARN_OBJC_ROOT_CLASS = YES_ERROR;
				CLANG_WARN_QUOTED_INCLUDE_IN_FRAMEWORK_HEADER = YES;
				CLANG_WARN_RANGE_LOOP_ANALYSIS = YES;
				CLANG_WARN_STRICT_PROTOTYPES = YES;
				CLANG_WARN_SUSPICIOUS_MOVE = YES;
				CLANG_WARN_UNGUARDED_AVAILABILITY = YES_AGGRESSIVE;
				CLANG_WARN_UNREACHABLE_CODE = YES;
				CLANG_WARN__DUPLICATE_METHOD_MATCH = YES;
				COPY_PHASE_STRIP = NO;
				DEBUG_INFORMATION_FORMAT = dwarf;
				ENABLE_STRICT_OBJC_MSGSEND = YES;
				ENABLE_TESTABILITY = YES;
				GCC_C_LANGUAGE_STANDARD = gnu11;
				GCC_DYNAMIC_NO_PIC = NO;
				GCC_NO_COMMON_BLOCKS = YES;
				GCC_OPTIMIZATION_LEVEL = 0;
				GCC_PREPROCESSOR_DEFINITIONS = (
					"DEBUG=1",
					"$(inherited)",
				);
				GCC_WARN_64_TO_32_BIT_CONVERSION = YES;
				GCC_WARN_ABOUT_RETURN_TYPE = YES_ERROR;
				GCC_WARN_UNDECLARED_SELECTOR = YES;
				GCC_WARN_UNINITIALIZED_AUTOS = YES_AGGRESSIVE;
				GCC_WARN_UNUSED_FUNCTION = YES;
				GCC_WARN_UNUSED_VARIABLE = YES;
				MTL_ENABLE_DEBUG_INFO = INCLUDE_SOURCE;
				MTL_FAST_MATH = YES;
				ONLY_ACTIVE_ARCH = YES;
				SDKROOT = iphoneos;
				SWIFT_ACTIVE_COMPILATION_CONDITIONS = DEBUG;
				SWIFT_OPTIMIZATION_LEVEL = "-Onone";
			};
			name = Debug;
		};
		D28CD91F26EEA5B000A1DE0F /* Release */ = {
			isa = XCBuildConfiguration;
			buildSettings = {
				ALWAYS_SEARCH_USER_PATHS = NO;
				CLANG_ANALYZER_NONNULL = YES;
				CLANG_ANALYZER_NUMBER_OBJECT_CONVERSION = YES_AGGRESSIVE;
				CLANG_CXX_LANGUAGE_STANDARD = "gnu++17";
				CLANG_CXX_LIBRARY = "libc++";
				CLANG_ENABLE_MODULES = YES;
				CLANG_ENABLE_OBJC_ARC = YES;
				CLANG_ENABLE_OBJC_WEAK = YES;
				CLANG_WARN_BLOCK_CAPTURE_AUTORELEASING = YES;
				CLANG_WARN_BOOL_CONVERSION = YES;
				CLANG_WARN_COMMA = YES;
				CLANG_WARN_CONSTANT_CONVERSION = YES;
				CLANG_WARN_DEPRECATED_OBJC_IMPLEMENTATIONS = YES;
				CLANG_WARN_DIRECT_OBJC_ISA_USAGE = YES_ERROR;
				CLANG_WARN_DOCUMENTATION_COMMENTS = YES;
				CLANG_WARN_EMPTY_BODY = YES;
				CLANG_WARN_ENUM_CONVERSION = YES;
				CLANG_WARN_INFINITE_RECURSION = YES;
				CLANG_WARN_INT_CONVERSION = YES;
				CLANG_WARN_NON_LITERAL_NULL_CONVERSION = YES;
				CLANG_WARN_OBJC_IMPLICIT_RETAIN_SELF = YES;
				CLANG_WARN_OBJC_LITERAL_CONVERSION = YES;
				CLANG_WARN_OBJC_ROOT_CLASS = YES_ERROR;
				CLANG_WARN_QUOTED_INCLUDE_IN_FRAMEWORK_HEADER = YES;
				CLANG_WARN_RANGE_LOOP_ANALYSIS = YES;
				CLANG_WARN_STRICT_PROTOTYPES = YES;
				CLANG_WARN_SUSPICIOUS_MOVE = YES;
				CLANG_WARN_UNGUARDED_AVAILABILITY = YES_AGGRESSIVE;
				CLANG_WARN_UNREACHABLE_CODE = YES;
				CLANG_WARN__DUPLICATE_METHOD_MATCH = YES;
				COPY_PHASE_STRIP = NO;
				DEBUG_INFORMATION_FORMAT = "dwarf-with-dsym";
				ENABLE_NS_ASSERTIONS = NO;
				ENABLE_STRICT_OBJC_MSGSEND = YES;
				GCC_C_LANGUAGE_STANDARD = gnu11;
				GCC_NO_COMMON_BLOCKS = YES;
				GCC_WARN_64_TO_32_BIT_CONVERSION = YES;
				GCC_WARN_ABOUT_RETURN_TYPE = YES_ERROR;
				GCC_WARN_UNDECLARED_SELECTOR = YES;
				GCC_WARN_UNINITIALIZED_AUTOS = YES_AGGRESSIVE;
				GCC_WARN_UNUSED_FUNCTION = YES;
				GCC_WARN_UNUSED_VARIABLE = YES;
				MTL_ENABLE_DEBUG_INFO = NO;
				MTL_FAST_MATH = YES;
				SDKROOT = iphoneos;
				SWIFT_COMPILATION_MODE = wholemodule;
				SWIFT_OPTIMIZATION_LEVEL = "-O";
				VALIDATE_PRODUCT = YES;
			};
			name = Release;
		};
		D28CD92126EEA5B000A1DE0F /* Debug */ = {
			isa = XCBuildConfiguration;
			buildSettings = {
				ASSETCATALOG_COMPILER_COMPLICATION_NAME = Complication;
				CODE_SIGN_ENTITLEMENTS = "Health WatchKit Extension/Health WatchKit Extension.entitlements";
				CODE_SIGN_STYLE = Automatic;
				CURRENT_PROJECT_VERSION = 1;
				DEVELOPMENT_ASSET_PATHS = "\"Health WatchKit Extension/Preview Content\"";
				DEVELOPMENT_TEAM = "";
				ENABLE_PREVIEWS = YES;
				GENERATE_INFOPLIST_FILE = YES;
				INFOPLIST_FILE = "Health WatchKit Extension/Info.plist";
				INFOPLIST_KEY_CFBundleDisplayName = "Health WatchKit Extension";
				INFOPLIST_KEY_CLKComplicationPrincipalClass = Health_WatchKit_Extension.ComplicationController;
				INFOPLIST_KEY_NSHealthShareUsageDescription = "Tracks brushing and water consumption.";
				INFOPLIST_KEY_NSHealthUpdateUsageDescription = "Bodyweight helps determine optimal water intake requirements.";
				INFOPLIST_KEY_NSHumanReadableCopyright = "";
				INFOPLIST_KEY_WKWatchOnly = YES;
				LD_RUNPATH_SEARCH_PATHS = (
					"$(inherited)",
					"@executable_path/Frameworks",
					"@executable_path/../../Frameworks",
				);
				MARKETING_VERSION = 1.0;
				PRODUCT_BUNDLE_IDENTIFIER = com.kodeco.Health.watchkitapp.watchkitextension;
				PRODUCT_NAME = "${TARGET_NAME}";
				SDKROOT = watchos;
				SKIP_INSTALL = YES;
				SWIFT_EMIT_LOC_STRINGS = YES;
				SWIFT_VERSION = 5.0;
				TARGETED_DEVICE_FAMILY = 4;
				WATCHOS_DEPLOYMENT_TARGET = 8.0;
			};
			name = Debug;
		};
		D28CD92226EEA5B000A1DE0F /* Release */ = {
			isa = XCBuildConfiguration;
			buildSettings = {
				ASSETCATALOG_COMPILER_COMPLICATION_NAME = Complication;
				CODE_SIGN_ENTITLEMENTS = "Health WatchKit Extension/Health WatchKit Extension.entitlements";
				CODE_SIGN_STYLE = Automatic;
				CURRENT_PROJECT_VERSION = 1;
				DEVELOPMENT_ASSET_PATHS = "\"Health WatchKit Extension/Preview Content\"";
				DEVELOPMENT_TEAM = "";
				ENABLE_PREVIEWS = YES;
				GENERATE_INFOPLIST_FILE = YES;
				INFOPLIST_FILE = "Health WatchKit Extension/Info.plist";
				INFOPLIST_KEY_CFBundleDisplayName = "Health WatchKit Extension";
				INFOPLIST_KEY_CLKComplicationPrincipalClass = Health_WatchKit_Extension.ComplicationController;
				INFOPLIST_KEY_NSHealthShareUsageDescription = "Tracks brushing and water consumption.";
				INFOPLIST_KEY_NSHealthUpdateUsageDescription = "Bodyweight helps determine optimal water intake requirements.";
				INFOPLIST_KEY_NSHumanReadableCopyright = "";
				INFOPLIST_KEY_WKWatchOnly = YES;
				LD_RUNPATH_SEARCH_PATHS = (
					"$(inherited)",
					"@executable_path/Frameworks",
					"@executable_path/../../Frameworks",
				);
				MARKETING_VERSION = 1.0;
				PRODUCT_BUNDLE_IDENTIFIER = com.kodeco.Health.watchkitapp.watchkitextension;
				PRODUCT_NAME = "${TARGET_NAME}";
				SDKROOT = watchos;
				SKIP_INSTALL = YES;
				SWIFT_EMIT_LOC_STRINGS = YES;
				SWIFT_VERSION = 5.0;
				TARGETED_DEVICE_FAMILY = 4;
				WATCHOS_DEPLOYMENT_TARGET = 8.0;
			};
			name = Release;
		};
		D28CD92526EEA5B000A1DE0F /* Debug */ = {
			isa = XCBuildConfiguration;
			buildSettings = {
				ALWAYS_EMBED_SWIFT_STANDARD_LIBRARIES = YES;
				ASSETCATALOG_COMPILER_APPICON_NAME = AppIcon;
				ASSETCATALOG_COMPILER_GLOBAL_ACCENT_COLOR_NAME = AccentColor;
				CODE_SIGN_STYLE = Automatic;
				CURRENT_PROJECT_VERSION = 1;
				DEVELOPMENT_TEAM = "";
				GENERATE_INFOPLIST_FILE = YES;
				IBSC_MODULE = Health_WatchKit_Extension;
				INFOPLIST_KEY_CFBundleDisplayName = "Health WatchKit App";
				INFOPLIST_KEY_UISupportedInterfaceOrientations = "UIInterfaceOrientationPortrait UIInterfaceOrientationPortraitUpsideDown";
				MARKETING_VERSION = 1.0;
				PRODUCT_BUNDLE_IDENTIFIER = com.kodeco.Health.watchkitapp;
				PRODUCT_NAME = "$(TARGET_NAME)";
				SDKROOT = watchos;
				SKIP_INSTALL = YES;
				SWIFT_EMIT_LOC_STRINGS = YES;
				SWIFT_VERSION = 5.0;
				TARGETED_DEVICE_FAMILY = 4;
				WATCHOS_DEPLOYMENT_TARGET = 8.0;
			};
			name = Debug;
		};
		D28CD92626EEA5B000A1DE0F /* Release */ = {
			isa = XCBuildConfiguration;
			buildSettings = {
				ALWAYS_EMBED_SWIFT_STANDARD_LIBRARIES = YES;
				ASSETCATALOG_COMPILER_APPICON_NAME = AppIcon;
				ASSETCATALOG_COMPILER_GLOBAL_ACCENT_COLOR_NAME = AccentColor;
				CODE_SIGN_STYLE = Automatic;
				CURRENT_PROJECT_VERSION = 1;
				DEVELOPMENT_TEAM = "";
				GENERATE_INFOPLIST_FILE = YES;
				IBSC_MODULE = Health_WatchKit_Extension;
				INFOPLIST_KEY_CFBundleDisplayName = "Health WatchKit App";
				INFOPLIST_KEY_UISupportedInterfaceOrientations = "UIInterfaceOrientationPortrait UIInterfaceOrientationPortraitUpsideDown";
				MARKETING_VERSION = 1.0;
				PRODUCT_BUNDLE_IDENTIFIER = com.kodeco.Health.watchkitapp;
				PRODUCT_NAME = "$(TARGET_NAME)";
				SDKROOT = watchos;
				SKIP_INSTALL = YES;
				SWIFT_EMIT_LOC_STRINGS = YES;
				SWIFT_VERSION = 5.0;
				TARGETED_DEVICE_FAMILY = 4;
				WATCHOS_DEPLOYMENT_TARGET = 8.0;
			};
			name = Release;
		};
		D28CD92926EEA5B000A1DE0F /* Debug */ = {
			isa = XCBuildConfiguration;
			buildSettings = {
				CODE_SIGN_STYLE = Automatic;
				CURRENT_PROJECT_VERSION = 1;
				DEVELOPMENT_TEAM = "";
				MARKETING_VERSION = 1.0;
				PRODUCT_BUNDLE_IDENTIFIER = com.kodeco.Health;
				PRODUCT_NAME = "$(TARGET_NAME)";
				SWIFT_VERSION = 5.0;
			};
			name = Debug;
		};
		D28CD92A26EEA5B000A1DE0F /* Release */ = {
			isa = XCBuildConfiguration;
			buildSettings = {
				CODE_SIGN_STYLE = Automatic;
				CURRENT_PROJECT_VERSION = 1;
				DEVELOPMENT_TEAM = "";
				MARKETING_VERSION = 1.0;
				PRODUCT_BUNDLE_IDENTIFIER = com.kodeco.Health;
				PRODUCT_NAME = "$(TARGET_NAME)";
				SWIFT_VERSION = 5.0;
			};
			name = Release;
		};
/* End XCBuildConfiguration section */

/* Begin XCConfigurationList section */
		D28CD8FB26EEA5AC00A1DE0F /* Build configuration list for PBXProject "Health" */ = {
			isa = XCConfigurationList;
			buildConfigurations = (
				D28CD91E26EEA5B000A1DE0F /* Debug */,
				D28CD91F26EEA5B000A1DE0F /* Release */,
			);
			defaultConfigurationIsVisible = 0;
			defaultConfigurationName = Release;
		};
		D28CD92026EEA5B000A1DE0F /* Build configuration list for PBXNativeTarget "Health WatchKit Extension" */ = {
			isa = XCConfigurationList;
			buildConfigurations = (
				D28CD92126EEA5B000A1DE0F /* Debug */,
				D28CD92226EEA5B000A1DE0F /* Release */,
			);
			defaultConfigurationIsVisible = 0;
			defaultConfigurationName = Release;
		};
		D28CD92426EEA5B000A1DE0F /* Build configuration list for PBXNativeTarget "Health WatchKit App" */ = {
			isa = XCConfigurationList;
			buildConfigurations = (
				D28CD92526EEA5B000A1DE0F /* Debug */,
				D28CD92626EEA5B000A1DE0F /* Release */,
			);
			defaultConfigurationIsVisible = 0;
			defaultConfigurationName = Release;
		};
		D28CD92826EEA5B000A1DE0F /* Build configuration list for PBXNativeTarget "Health" */ = {
			isa = XCConfigurationList;
			buildConfigurations = (
				D28CD92926EEA5B000A1DE0F /* Debug */,
				D28CD92A26EEA5B000A1DE0F /* Release */,
			);
			defaultConfigurationIsVisible = 0;
			defaultConfigurationName = Release;
		};
/* End XCConfigurationList section */

/* Begin XCRemoteSwiftPackageReference section */
		D28CD93726EEA68600A1DE0F /* XCRemoteSwiftPackageReference "SwiftUICharts" */ = {
			isa = XCRemoteSwiftPackageReference;
			repositoryURL = "https://github.com/mecid/SwiftUICharts";
			requirement = {
				branch = main;
				kind = branch;
			};
		};
/* End XCRemoteSwiftPackageReference section */

/* Begin XCSwiftPackageProductDependency section */
		D28CD93826EEA68600A1DE0F /* SwiftUICharts */ = {
			isa = XCSwiftPackageProductDependency;
			package = D28CD93726EEA68600A1DE0F /* XCRemoteSwiftPackageReference "SwiftUICharts" */;
			productName = SwiftUICharts;
		};
/* End XCSwiftPackageProductDependency section */
	};
	rootObject = D28CD8F826EEA5AC00A1DE0F /* Project object */;
}
